// !$*UTF8*$!
{
	archiveVersion = 1;
	classes = {
	};
	objectVersion = 46;
	objects = {

/* Begin PBXBuildFile section */
		8BD5B99A1E807FA900C66763 /* AppDelegate.swift in Sources */ = {isa = PBXBuildFile; fileRef = 8BD5B9991E807FA900C66763 /* AppDelegate.swift */; };
		8BD5B99C1E807FA900C66763 /* TableViewController.swift in Sources */ = {isa = PBXBuildFile; fileRef = 8BD5B99B1E807FA900C66763 /* TableViewController.swift */; };
		8BD5B99F1E807FA900C66763 /* Main.storyboard in Resources */ = {isa = PBXBuildFile; fileRef = 8BD5B99D1E807FA900C66763 /* Main.storyboard */; };
		8BD5B9A21E807FA900C66763 /* Binary_Counter.xcdatamodeld in Sources */ = {isa = PBXBuildFile; fileRef = 8BD5B9A01E807FA900C66763 /* Binary_Counter.xcdatamodeld */; };
		8BD5B9A41E807FA900C66763 /* Assets.xcassets in Resources */ = {isa = PBXBuildFile; fileRef = 8BD5B9A31E807FA900C66763 /* Assets.xcassets */; };
		8BD5B9A71E807FA900C66763 /* LaunchScreen.storyboard in Resources */ = {isa = PBXBuildFile; fileRef = 8BD5B9A51E807FA900C66763 /* LaunchScreen.storyboard */; };
		8BD5B9AF1E807FF300C66763 /* CustomCell.swift in Sources */ = {isa = PBXBuildFile; fileRef = 8BD5B9AE1E807FF300C66763 /* CustomCell.swift */; };
/* End PBXBuildFile section */

/* Begin PBXFileReference section */
		8BD5B9961E807FA900C66763 /* Binary Counter.app */ = {isa = PBXFileReference; explicitFileType = wrapper.application; includeInIndex = 0; path = "Binary Counter.app"; sourceTree = BUILT_PRODUCTS_DIR; };
		8BD5B9991E807FA900C66763 /* AppDelegate.swift */ = {isa = PBXFileReference; lastKnownFileType = sourcecode.swift; path = AppDelegate.swift; sourceTree = "<group>"; };
		8BD5B99B1E807FA900C66763 /* TableViewController.swift */ = {isa = PBXFileReference; lastKnownFileType = sourcecode.swift; path = TableViewController.swift; sourceTree = "<group>"; };
		8BD5B99E1E807FA900C66763 /* Base */ = {isa = PBXFileReference; lastKnownFileType = file.storyboard; name = Base; path = Base.lproj/Main.storyboard; sourceTree = "<group>"; };
		8BD5B9A11E807FA900C66763 /* Binary_Counter.xcdatamodel */ = {isa = PBXFileReference; lastKnownFileType = wrapper.xcdatamodel; path = Binary_Counter.xcdatamodel; sourceTree = "<group>"; };
		8BD5B9A31E807FA900C66763 /* Assets.xcassets */ = {isa = PBXFileReference; lastKnownFileType = folder.assetcatalog; path = Assets.xcassets; sourceTree = "<group>"; };
		8BD5B9A61E807FA900C66763 /* Base */ = {isa = PBXFileReference; lastKnownFileType = file.storyboard; name = Base; path = Base.lproj/LaunchScreen.storyboard; sourceTree = "<group>"; };
		8BD5B9A81E807FA900C66763 /* Info.plist */ = {isa = PBXFileReference; lastKnownFileType = text.plist.xml; path = Info.plist; sourceTree = "<group>"; };
		8BD5B9AE1E807FF300C66763 /* CustomCell.swift */ = {isa = PBXFileReference; fileEncoding = 4; lastKnownFileType = sourcecode.swift; path = CustomCell.swift; sourceTree = "<group>"; };
/* End PBXFileReference section */

/* Begin PBXFrameworksBuildPhase section */
		8BD5B9931E807FA900C66763 /* Frameworks */ = {
			isa = PBXFrameworksBuildPhase;
			buildActionMask = 2147483647;
			files = (
			);
			runOnlyForDeploymentPostprocessing = 0;
		};
/* End PBXFrameworksBuildPhase section */

/* Begin PBXGroup section */
		8BD5B98D1E807FA900C66763 = {
			isa = PBXGroup;
			children = (
				8BD5B9AE1E807FF300C66763 /* CustomCell.swift */,
				8BD5B9981E807FA900C66763 /* Binary Counter */,
				8BD5B9971E807FA900C66763 /* Products */,
			);
			sourceTree = "<group>";
		};
		8BD5B9971E807FA900C66763 /* Products */ = {
			isa = PBXGroup;
			children = (
				8BD5B9961E807FA900C66763 /* Binary Counter.app */,
			);
			name = Products;
			sourceTree = "<group>";
		};
		8BD5B9981E807FA900C66763 /* Binary Counter */ = {
			isa = PBXGroup;
			children = (
				8BD5B9991E807FA900C66763 /* AppDelegate.swift */,
				8BD5B99B1E807FA900C66763 /* TableViewController.swift */,
				8BD5B99D1E807FA900C66763 /* Main.storyboard */,
				8BD5B9A31E807FA900C66763 /* Assets.xcassets */,
				8BD5B9A51E807FA900C66763 /* LaunchScreen.storyboard */,
				8BD5B9A81E807FA900C66763 /* Info.plist */,
				8BD5B9A01E807FA900C66763 /* Binary_Counter.xcdatamodeld */,
			);
			path = "Binary Counter";
			sourceTree = "<group>";
		};
/* End PBXGroup section */

/* Begin PBXNativeTarget section */
		8BD5B9951E807FA900C66763 /* Binary Counter */ = {
			isa = PBXNativeTarget;
			buildConfigurationList = 8BD5B9AB1E807FA900C66763 /* Build configuration list for PBXNativeTarget "Binary Counter" */;
			buildPhases = (
				8BD5B9921E807FA900C66763 /* Sources */,
				8BD5B9931E807FA900C66763 /* Frameworks */,
				8BD5B9941E807FA900C66763 /* Resources */,
			);
			buildRules = (
			);
			dependencies = (
			);
			name = "Binary Counter";
			productName = "Binary Counter";
			productReference = 8BD5B9961E807FA900C66763 /* Binary Counter.app */;
			productType = "com.apple.product-type.application";
		};
/* End PBXNativeTarget section */

/* Begin PBXProject section */
		8BD5B98E1E807FA900C66763 /* Project object */ = {
			isa = PBXProject;
			attributes = {
				LastSwiftUpdateCheck = 0830;
				LastUpgradeCheck = 0830;
				ORGANIZATIONNAME = frandz;
				TargetAttributes = {
					8BD5B9951E807FA900C66763 = {
						CreatedOnToolsVersion = 8.3;
						DevelopmentTeam = H7VH2U8A29;
						ProvisioningStyle = Automatic;
					};
				};
			};
			buildConfigurationList = 8BD5B9911E807FA900C66763 /* Build configuration list for PBXProject "Binary Counter" */;
			compatibilityVersion = "Xcode 3.2";
			developmentRegion = English;
			hasScannedForEncodings = 0;
			knownRegions = (
				en,
				Base,
			);
			mainGroup = 8BD5B98D1E807FA900C66763;
			productRefGroup = 8BD5B9971E807FA900C66763 /* Products */;
			projectDirPath = "";
			projectRoot = "";
			targets = (
				8BD5B9951E807FA900C66763 /* Binary Counter */,
			);
		};
/* End PBXProject section */

/* Begin PBXResourcesBuildPhase section */
		8BD5B9941E807FA900C66763 /* Resources */ = {
			isa = PBXResourcesBuildPhase;
			buildActionMask = 2147483647;
			files = (
				8BD5B9A71E807FA900C66763 /* LaunchScreen.storyboard in Resources */,
				8BD5B9A41E807FA900C66763 /* Assets.xcassets in Resources */,
				8BD5B99F1E807FA900C66763 /* Main.storyboard in Resources */,
			);
			runOnlyForDeploymentPostprocessing = 0;
		};
/* End PBXResourcesBuildPhase section */

/* Begin PBXSourcesBuildPhase section */
		8BD5B9921E807FA900C66763 /* Sources */ = {
			isa = PBXSourcesBuildPhase;
			buildActionMask = 2147483647;
			files = (
				8BD5B99C1E807FA900C66763 /* TableViewController.swift in Sources */,
				8BD5B99A1E807FA900C66763 /* AppDelegate.swift in Sources */,
				8BD5B9AF1E807FF300C66763 /* CustomCell.swift in Sources */,
				8BD5B9A21E807FA900C66763 /* Binary_Counter.xcdatamodeld in Sources */,
			);
			runOnlyForDeploymentPostprocessing = 0;
		};
/* End PBXSourcesBuildPhase section */

/* Begin PBXVariantGroup section */
		8BD5B99D1E807FA900C66763 /* Main.storyboard */ = {
			isa = PBXVariantGroup;
			children = (
				8BD5B99E1E807FA900C66763 /* Base */,
			);
			name = Main.storyboard;
			sourceTree = "<group>";
		};
		8BD5B9A51E807FA900C66763 /* LaunchScreen.storyboard */ = {
			isa = PBXVariantGroup;
			children = (
				8BD5B9A61E807FA900C66763 /* Base */,
			);
			name = LaunchScreen.storyboard;
			sourceTree = "<group>";
		};
/* End PBXVariantGroup section */

/* Begin XCBuildConfiguration section */
		8BD5B9A91E807FA900C66763 /* Debug */ = {
			isa = XCBuildConfiguration;
			buildSettings = {
				ALWAYS_SEARCH_USER_PATHS = NO;
				CLANG_ANALYZER_NONNULL = YES;
				CLANG_ANALYZER_NUMBER_OBJECT_CONVERSION = YES_AGGRESSIVE;
				CLANG_CXX_LANGUAGE_STANDARD = "gnu++0x";
				CLANG_CXX_LIBRARY = "libc++";
				CLANG_ENABLE_MODULES = YES;
				CLANG_ENABLE_OBJC_ARC = YES;
				CLANG_WARN_BOOL_CONVERSION = YES;
				CLANG_WARN_CONSTANT_CONVERSION = YES;
				CLANG_WARN_DIRECT_OBJC_ISA_USAGE = YES_ERROR;
				CLANG_WARN_DOCUMENTATION_COMMENTS = YES;
				CLANG_WARN_EMPTY_BODY = YES;
				CLANG_WARN_ENUM_CONVERSION = YES;
				CLANG_WARN_INFINITE_RECURSION = YES;
				CLANG_WARN_INT_CONVERSION = YES;
				CLANG_WARN_OBJC_ROOT_CLASS = YES_ERROR;
				CLANG_WARN_SUSPICIOUS_MOVE = YES;
				CLANG_WARN_UNREACHABLE_CODE = YES;
				CLANG_WARN__DUPLICATE_METHOD_MATCH = YES;
				"CODE_SIGN_IDENTITY[sdk=iphoneos*]" = "iPhone Developer";
				COPY_PHASE_STRIP = NO;
				DEBUG_INFORMATION_FORMAT = dwarf;
				ENABLE_STRICT_OBJC_MSGSEND = YES;
				ENABLE_TESTABILITY = YES;
				GCC_C_LANGUAGE_STANDARD = gnu99;
				GCC_DYNAMIC_NO_PIC = NO;
				GCC_NO_COMMON_BLOCKS = YES;
				GCC_OPTIMIZATION_LEVEL = 0;
				GCC_PREPROCESSOR_DEFINITIONS = (
					"DEBUG=1",
					"$(inherited)",
				);
				GCC_WARN_64_TO_32_BIT_CONVERSION = YES;
				GCC_WARN_ABOUT_RETURN_TYPE = YES_ERROR;
				GCC_WARN_UNDECLARED_SELECTOR = YES;
				GCC_WARN_UNINITIALIZED_AUTOS = YES_AGGRESSIVE;
				GCC_WARN_UNUSED_FUNCTION = YES;
				GCC_WARN_UNUSED_VARIABLE = YES;
				IPHONEOS_DEPLOYMENT_TARGET = 10.3;
				MTL_ENABLE_DEBUG_INFO = YES;
				ONLY_ACTIVE_ARCH = YES;
				SDKROOT = iphoneos;
				SWIFT_ACTIVE_COMPILATION_CONDITIONS = DEBUG;
				SWIFT_OPTIMIZATION_LEVEL = "-Onone";
				TARGETED_DEVICE_FAMILY = "1,2";
			};
			name = Debug;
		};
		8BD5B9AA1E807FA900C66763 /* Release */ = {
			isa = XCBuildConfiguration;
			buildSettings = {
				ALWAYS_SEARCH_USER_PATHS = NO;
				CLANG_ANALYZER_NONNULL = YES;
				CLANG_ANALYZER_NUMBER_OBJECT_CONVERSION = YES_AGGRESSIVE;
				CLANG_CXX_LANGUAGE_STANDARD = "gnu++0x";
				CLANG_CXX_LIBRARY = "libc++";
				CLANG_ENABLE_MODULES = YES;
				CLANG_ENABLE_OBJC_ARC = YES;
				CLANG_WARN_BOOL_CONVERSION = YES;
				CLANG_WARN_CONSTANT_CONVERSION = YES;
				CLANG_WARN_DIRECT_OBJC_ISA_USAGE = YES_ERROR;
				CLANG_WARN_DOCUMENTATION_COMMENTS = YES;
				CLANG_WARN_EMPTY_BODY = YES;
				CLANG_WARN_ENUM_CONVERSION = YES;
				CLANG_WARN_INFINITE_RECURSION = YES;
				CLANG_WARN_INT_CONVERSION = YES;
				CLANG_WARN_OBJC_ROOT_CLASS = YES_ERROR;
				CLANG_WARN_SUSPICIOUS_MOVE = YES;
				CLANG_WARN_UNREACHABLE_CODE = YES;
				CLANG_WARN__DUPLICATE_METHOD_MATCH = YES;
				"CODE_SIGN_IDENTITY[sdk=iphoneos*]" = "iPhone Developer";
				COPY_PHASE_STRIP = NO;
				DEBUG_INFORMATION_FORMAT = "dwarf-with-dsym";
				ENABLE_NS_ASSERTIONS = NO;
				ENABLE_STRICT_OBJC_MSGSEND = YES;
				GCC_C_LANGUAGE_STANDARD = gnu99;
				GCC_NO_COMMON_BLOCKS = YES;
				GCC_WARN_64_TO_32_BIT_CONVERSION = YES;
				GCC_WARN_ABOUT_RETURN_TYPE = YES_ERROR;
				GCC_WARN_UNDECLARED_SELECTOR = YES;
				GCC_WARN_UNINITIALIZED_AUTOS = YES_AGGRESSIVE;
				GCC_WARN_UNUSED_FUNCTION = YES;
				GCC_WARN_UNUSED_VARIABLE = YES;
				IPHONEOS_DEPLOYMENT_TARGET = 10.3;
				MTL_ENABLE_DEBUG_INFO = NO;
				SDKROOT = iphoneos;
				SWIFT_OPTIMIZATION_LEVEL = "-Owholemodule";
				TARGETED_DEVICE_FAMILY = "1,2";
				VALIDATE_PRODUCT = YES;
			};
			name = Release;
		};
		8BD5B9AC1E807FA900C66763 /* Debug */ = {
			isa = XCBuildConfiguration;
			buildSettings = {
				ASSETCATALOG_COMPILER_APPICON_NAME = AppIcon;
				DEVELOPMENT_TEAM = H7VH2U8A29;
				INFOPLIST_FILE = "Binary Counter/Info.plist";
				LD_RUNPATH_SEARCH_PATHS = "$(inherited) @executable_path/Frameworks";
				PRODUCT_BUNDLE_IDENTIFIER = "com.codingdojo.Binary-Counter";
				PRODUCT_NAME = "$(TARGET_NAME)";
				SWIFT_VERSION = 3.0;
			};
			name = Debug;
		};
		8BD5B9AD1E807FA900C66763 /* Release */ = {
			isa = XCBuildConfiguration;
			buildSettings = {
				ASSETCATALOG_COMPILER_APPICON_NAME = AppIcon;
				DEVELOPMENT_TEAM = H7VH2U8A29;
				INFOPLIST_FILE = "Binary Counter/Info.plist";
				LD_RUNPATH_SEARCH_PATHS = "$(inherited) @executable_path/Frameworks";
				PRODUCT_BUNDLE_IDENTIFIER = "com.codingdojo.Binary-Counter";
				PRODUCT_NAME = "$(TARGET_NAME)";
				SWIFT_VERSION = 3.0;
			};
			name = Release;
		};
/* End XCBuildConfiguration section */

/* Begin XCConfigurationList section */
		8BD5B9911E807FA900C66763 /* Build configuration list for PBXProject "Binary Counter" */ = {
			isa = XCConfigurationList;
			buildConfigurations = (
				8BD5B9A91E807FA900C66763 /* Debug */,
				8BD5B9AA1E807FA900C66763 /* Release */,
			);
			defaultConfigurationIsVisible = 0;
			defaultConfigurationName = Release;
		};
		8BD5B9AB1E807FA900C66763 /* Build configuration list for PBXNativeTarget "Binary Counter" */ = {
			isa = XCConfigurationList;
			buildConfigurations = (
				8BD5B9AC1E807FA900C66763 /* Debug */,
				8BD5B9AD1E807FA900C66763 /* Release */,
			);
			defaultConfigurationIsVisible = 0;
		};
/* End XCConfigurationList section */

/* Begin XCVersionGroup section */
		8BD5B9A01E807FA900C66763 /* Binary_Counter.xcdatamodeld */ = {
			isa = XCVersionGroup;
			children = (
				8BD5B9A11E807FA900C66763 /* Binary_Counter.xcdatamodel */,
			);
			currentVersion = 8BD5B9A11E807FA900C66763 /* Binary_Counter.xcdatamodel */;
			path = Binary_Counter.xcdatamodeld;
			sourceTree = "<group>";
			versionGroupType = wrapper.xcdatamodel;
		};
/* End XCVersionGroup section */
	};
	rootObject = 8BD5B98E1E807FA900C66763 /* Project object */;
}
