// !$*UTF8*$!
{
	archiveVersion = 1;
	classes = {
	};
	objectVersion = 46;
	objects = {

/* Begin PBXBuildFile section */
		8B1ABF651E71FCD400531208 /* AppDelegate.swift in Sources */ = {isa = PBXBuildFile; fileRef = 8B1ABF641E71FCD400531208 /* AppDelegate.swift */; };
		8B1ABF671E71FCD400531208 /* ViewController.swift in Sources */ = {isa = PBXBuildFile; fileRef = 8B1ABF661E71FCD400531208 /* ViewController.swift */; };
		8B1ABF6A1E71FCD400531208 /* Main.storyboard in Resources */ = {isa = PBXBuildFile; fileRef = 8B1ABF681E71FCD400531208 /* Main.storyboard */; };
		8B1ABF6C1E71FCD400531208 /* Assets.xcassets in Resources */ = {isa = PBXBuildFile; fileRef = 8B1ABF6B1E71FCD400531208 /* Assets.xcassets */; };
		8B1ABF6F1E71FCD400531208 /* LaunchScreen.storyboard in Resources */ = {isa = PBXBuildFile; fileRef = 8B1ABF6D1E71FCD400531208 /* LaunchScreen.storyboard */; };
		8B1ABF7A1E71FCD500531208 /* GreatNumberGameTests.swift in Sources */ = {isa = PBXBuildFile; fileRef = 8B1ABF791E71FCD500531208 /* GreatNumberGameTests.swift */; };
		8B1ABF851E71FCD500531208 /* GreatNumberGameUITests.swift in Sources */ = {isa = PBXBuildFile; fileRef = 8B1ABF841E71FCD500531208 /* GreatNumberGameUITests.swift */; };
/* End PBXBuildFile section */

/* Begin PBXContainerItemProxy section */
		8B1ABF761E71FCD500531208 /* PBXContainerItemProxy */ = {
			isa = PBXContainerItemProxy;
			containerPortal = 8B1ABF591E71FCD400531208 /* Project object */;
			proxyType = 1;
			remoteGlobalIDString = 8B1ABF601E71FCD400531208;
			remoteInfo = GreatNumberGame;
		};
		8B1ABF811E71FCD500531208 /* PBXContainerItemProxy */ = {
			isa = PBXContainerItemProxy;
			containerPortal = 8B1ABF591E71FCD400531208 /* Project object */;
			proxyType = 1;
			remoteGlobalIDString = 8B1ABF601E71FCD400531208;
			remoteInfo = GreatNumberGame;
		};
/* End PBXContainerItemProxy section */

/* Begin PBXFileReference section */
		8B1ABF611E71FCD400531208 /* GreatNumberGame.app */ = {isa = PBXFileReference; explicitFileType = wrapper.application; includeInIndex = 0; path = GreatNumberGame.app; sourceTree = BUILT_PRODUCTS_DIR; };
		8B1ABF641E71FCD400531208 /* AppDelegate.swift */ = {isa = PBXFileReference; lastKnownFileType = sourcecode.swift; path = AppDelegate.swift; sourceTree = "<group>"; };
		8B1ABF661E71FCD400531208 /* ViewController.swift */ = {isa = PBXFileReference; lastKnownFileType = sourcecode.swift; path = ViewController.swift; sourceTree = "<group>"; };
		8B1ABF691E71FCD400531208 /* Base */ = {isa = PBXFileReference; lastKnownFileType = file.storyboard; name = Base; path = Base.lproj/Main.storyboard; sourceTree = "<group>"; };
		8B1ABF6B1E71FCD400531208 /* Assets.xcassets */ = {isa = PBXFileReference; lastKnownFileType = folder.assetcatalog; path = Assets.xcassets; sourceTree = "<group>"; };
		8B1ABF6E1E71FCD400531208 /* Base */ = {isa = PBXFileReference; lastKnownFileType = file.storyboard; name = Base; path = Base.lproj/LaunchScreen.storyboard; sourceTree = "<group>"; };
		8B1ABF701E71FCD400531208 /* Info.plist */ = {isa = PBXFileReference; lastKnownFileType = text.plist.xml; path = Info.plist; sourceTree = "<group>"; };
		8B1ABF751E71FCD500531208 /* GreatNumberGameTests.xctest */ = {isa = PBXFileReference; explicitFileType = wrapper.cfbundle; includeInIndex = 0; path = GreatNumberGameTests.xctest; sourceTree = BUILT_PRODUCTS_DIR; };
		8B1ABF791E71FCD500531208 /* GreatNumberGameTests.swift */ = {isa = PBXFileReference; lastKnownFileType = sourcecode.swift; path = GreatNumberGameTests.swift; sourceTree = "<group>"; };
		8B1ABF7B1E71FCD500531208 /* Info.plist */ = {isa = PBXFileReference; lastKnownFileType = text.plist.xml; path = Info.plist; sourceTree = "<group>"; };
		8B1ABF801E71FCD500531208 /* GreatNumberGameUITests.xctest */ = {isa = PBXFileReference; explicitFileType = wrapper.cfbundle; includeInIndex = 0; path = GreatNumberGameUITests.xctest; sourceTree = BUILT_PRODUCTS_DIR; };
		8B1ABF841E71FCD500531208 /* GreatNumberGameUITests.swift */ = {isa = PBXFileReference; lastKnownFileType = sourcecode.swift; path = GreatNumberGameUITests.swift; sourceTree = "<group>"; };
		8B1ABF861E71FCD500531208 /* Info.plist */ = {isa = PBXFileReference; lastKnownFileType = text.plist.xml; path = Info.plist; sourceTree = "<group>"; };
/* End PBXFileReference section */

/* Begin PBXFrameworksBuildPhase section */
		8B1ABF5E1E71FCD400531208 /* Frameworks */ = {
			isa = PBXFrameworksBuildPhase;
			buildActionMask = 2147483647;
			files = (
			);
			runOnlyForDeploymentPostprocessing = 0;
		};
		8B1ABF721E71FCD500531208 /* Frameworks */ = {
			isa = PBXFrameworksBuildPhase;
			buildActionMask = 2147483647;
			files = (
			);
			runOnlyForDeploymentPostprocessing = 0;
		};
		8B1ABF7D1E71FCD500531208 /* Frameworks */ = {
			isa = PBXFrameworksBuildPhase;
			buildActionMask = 2147483647;
			files = (
			);
			runOnlyForDeploymentPostprocessing = 0;
		};
/* End PBXFrameworksBuildPhase section */

/* Begin PBXGroup section */
		8B1ABF581E71FCD400531208 = {
			isa = PBXGroup;
			children = (
				8B1ABF631E71FCD400531208 /* GreatNumberGame */,
				8B1ABF781E71FCD500531208 /* GreatNumberGameTests */,
				8B1ABF831E71FCD500531208 /* GreatNumberGameUITests */,
				8B1ABF621E71FCD400531208 /* Products */,
			);
			sourceTree = "<group>";
		};
		8B1ABF621E71FCD400531208 /* Products */ = {
			isa = PBXGroup;
			children = (
				8B1ABF611E71FCD400531208 /* GreatNumberGame.app */,
				8B1ABF751E71FCD500531208 /* GreatNumberGameTests.xctest */,
				8B1ABF801E71FCD500531208 /* GreatNumberGameUITests.xctest */,
			);
			name = Products;
			sourceTree = "<group>";
		};
		8B1ABF631E71FCD400531208 /* GreatNumberGame */ = {
			isa = PBXGroup;
			children = (
				8B1ABF641E71FCD400531208 /* AppDelegate.swift */,
				8B1ABF661E71FCD400531208 /* ViewController.swift */,
				8B1ABF681E71FCD400531208 /* Main.storyboard */,
				8B1ABF6B1E71FCD400531208 /* Assets.xcassets */,
				8B1ABF6D1E71FCD400531208 /* LaunchScreen.storyboard */,
				8B1ABF701E71FCD400531208 /* Info.plist */,
			);
			path = GreatNumberGame;
			sourceTree = "<group>";
		};
		8B1ABF781E71FCD500531208 /* GreatNumberGameTests */ = {
			isa = PBXGroup;
			children = (
				8B1ABF791E71FCD500531208 /* GreatNumberGameTests.swift */,
				8B1ABF7B1E71FCD500531208 /* Info.plist */,
			);
			path = GreatNumberGameTests;
			sourceTree = "<group>";
		};
		8B1ABF831E71FCD500531208 /* GreatNumberGameUITests */ = {
			isa = PBXGroup;
			children = (
				8B1ABF841E71FCD500531208 /* GreatNumberGameUITests.swift */,
				8B1ABF861E71FCD500531208 /* Info.plist */,
			);
			path = GreatNumberGameUITests;
			sourceTree = "<group>";
		};
/* End PBXGroup section */

/* Begin PBXNativeTarget section */
		8B1ABF601E71FCD400531208 /* GreatNumberGame */ = {
			isa = PBXNativeTarget;
			buildConfigurationList = 8B1ABF891E71FCD500531208 /* Build configuration list for PBXNativeTarget "GreatNumberGame" */;
			buildPhases = (
				8B1ABF5D1E71FCD400531208 /* Sources */,
				8B1ABF5E1E71FCD400531208 /* Frameworks */,
				8B1ABF5F1E71FCD400531208 /* Resources */,
			);
			buildRules = (
			);
			dependencies = (
			);
			name = GreatNumberGame;
			productName = GreatNumberGame;
			productReference = 8B1ABF611E71FCD400531208 /* GreatNumberGame.app */;
			productType = "com.apple.product-type.application";
		};
		8B1ABF741E71FCD500531208 /* GreatNumberGameTests */ = {
			isa = PBXNativeTarget;
			buildConfigurationList = 8B1ABF8C1E71FCD500531208 /* Build configuration list for PBXNativeTarget "GreatNumberGameTests" */;
			buildPhases = (
				8B1ABF711E71FCD500531208 /* Sources */,
				8B1ABF721E71FCD500531208 /* Frameworks */,
				8B1ABF731E71FCD500531208 /* Resources */,
			);
			buildRules = (
			);
			dependencies = (
				8B1ABF771E71FCD500531208 /* PBXTargetDependency */,
			);
			name = GreatNumberGameTests;
			productName = GreatNumberGameTests;
			productReference = 8B1ABF751E71FCD500531208 /* GreatNumberGameTests.xctest */;
			productType = "com.apple.product-type.bundle.unit-test";
		};
		8B1ABF7F1E71FCD500531208 /* GreatNumberGameUITests */ = {
			isa = PBXNativeTarget;
			buildConfigurationList = 8B1ABF8F1E71FCD500531208 /* Build configuration list for PBXNativeTarget "GreatNumberGameUITests" */;
			buildPhases = (
				8B1ABF7C1E71FCD500531208 /* Sources */,
				8B1ABF7D1E71FCD500531208 /* Frameworks */,
				8B1ABF7E1E71FCD500531208 /* Resources */,
			);
			buildRules = (
			);
			dependencies = (
				8B1ABF821E71FCD500531208 /* PBXTargetDependency */,
			);
			name = GreatNumberGameUITests;
			productName = GreatNumberGameUITests;
			productReference = 8B1ABF801E71FCD500531208 /* GreatNumberGameUITests.xctest */;
			productType = "com.apple.product-type.bundle.ui-testing";
		};
/* End PBXNativeTarget section */

/* Begin PBXProject section */
		8B1ABF591E71FCD400531208 /* Project object */ = {
			isa = PBXProject;
			attributes = {
				LastSwiftUpdateCheck = 0830;
				LastUpgradeCheck = 0830;
				ORGANIZATIONNAME = "Carolyn Yen";
				TargetAttributes = {
					8B1ABF601E71FCD400531208 = {
						CreatedOnToolsVersion = 8.3;
						ProvisioningStyle = Automatic;
					};
					8B1ABF741E71FCD500531208 = {
						CreatedOnToolsVersion = 8.3;
						ProvisioningStyle = Automatic;
						TestTargetID = 8B1ABF601E71FCD400531208;
					};
					8B1ABF7F1E71FCD500531208 = {
						CreatedOnToolsVersion = 8.3;
						ProvisioningStyle = Automatic;
						TestTargetID = 8B1ABF601E71FCD400531208;
					};
				};
			};
			buildConfigurationList = 8B1ABF5C1E71FCD400531208 /* Build configuration list for PBXProject "GreatNumberGame" */;
			compatibilityVersion = "Xcode 3.2";
			developmentRegion = English;
			hasScannedForEncodings = 0;
			knownRegions = (
				en,
				Base,
			);
			mainGroup = 8B1ABF581E71FCD400531208;
			productRefGroup = 8B1ABF621E71FCD400531208 /* Products */;
			projectDirPath = "";
			projectRoot = "";
			targets = (
				8B1ABF601E71FCD400531208 /* GreatNumberGame */,
				8B1ABF741E71FCD500531208 /* GreatNumberGameTests */,
				8B1ABF7F1E71FCD500531208 /* GreatNumberGameUITests */,
			);
		};
/* End PBXProject section */

/* Begin PBXResourcesBuildPhase section */
		8B1ABF5F1E71FCD400531208 /* Resources */ = {
			isa = PBXResourcesBuildPhase;
			buildActionMask = 2147483647;
			files = (
				8B1ABF6F1E71FCD400531208 /* LaunchScreen.storyboard in Resources */,
				8B1ABF6C1E71FCD400531208 /* Assets.xcassets in Resources */,
				8B1ABF6A1E71FCD400531208 /* Main.storyboard in Resources */,
			);
			runOnlyForDeploymentPostprocessing = 0;
		};
		8B1ABF731E71FCD500531208 /* Resources */ = {
			isa = PBXResourcesBuildPhase;
			buildActionMask = 2147483647;
			files = (
			);
			runOnlyForDeploymentPostprocessing = 0;
		};
		8B1ABF7E1E71FCD500531208 /* Resources */ = {
			isa = PBXResourcesBuildPhase;
			buildActionMask = 2147483647;
			files = (
			);
			runOnlyForDeploymentPostprocessing = 0;
		};
/* End PBXResourcesBuildPhase section */

/* Begin PBXSourcesBuildPhase section */
		8B1ABF5D1E71FCD400531208 /* Sources */ = {
			isa = PBXSourcesBuildPhase;
			buildActionMask = 2147483647;
			files = (
				8B1ABF671E71FCD400531208 /* ViewController.swift in Sources */,
				8B1ABF651E71FCD400531208 /* AppDelegate.swift in Sources */,
			);
			runOnlyForDeploymentPostprocessing = 0;
		};
		8B1ABF711E71FCD500531208 /* Sources */ = {
			isa = PBXSourcesBuildPhase;
			buildActionMask = 2147483647;
			files = (
				8B1ABF7A1E71FCD500531208 /* GreatNumberGameTests.swift in Sources */,
			);
			runOnlyForDeploymentPostprocessing = 0;
		};
		8B1ABF7C1E71FCD500531208 /* Sources */ = {
			isa = PBXSourcesBuildPhase;
			buildActionMask = 2147483647;
			files = (
				8B1ABF851E71FCD500531208 /* GreatNumberGameUITests.swift in Sources */,
			);
			runOnlyForDeploymentPostprocessing = 0;
		};
/* End PBXSourcesBuildPhase section */

/* Begin PBXTargetDependency section */
		8B1ABF771E71FCD500531208 /* PBXTargetDependency */ = {
			isa = PBXTargetDependency;
			target = 8B1ABF601E71FCD400531208 /* GreatNumberGame */;
			targetProxy = 8B1ABF761E71FCD500531208 /* PBXContainerItemProxy */;
		};
		8B1ABF821E71FCD500531208 /* PBXTargetDependency */ = {
			isa = PBXTargetDependency;
			target = 8B1ABF601E71FCD400531208 /* GreatNumberGame */;
			targetProxy = 8B1ABF811E71FCD500531208 /* PBXContainerItemProxy */;
		};
/* End PBXTargetDependency section */

/* Begin PBXVariantGroup section */
		8B1ABF681E71FCD400531208 /* Main.storyboard */ = {
			isa = PBXVariantGroup;
			children = (
				8B1ABF691E71FCD400531208 /* Base */,
			);
			name = Main.storyboard;
			sourceTree = "<group>";
		};
		8B1ABF6D1E71FCD400531208 /* LaunchScreen.storyboard */ = {
			isa = PBXVariantGroup;
			children = (
				8B1ABF6E1E71FCD400531208 /* Base */,
			);
			name = LaunchScreen.storyboard;
			sourceTree = "<group>";
		};
/* End PBXVariantGroup section */

/* Begin XCBuildConfiguration section */
		8B1ABF871E71FCD500531208 /* Debug */ = {
			isa = XCBuildConfiguration;
			buildSettings = {
				ALWAYS_SEARCH_USER_PATHS = NO;
				CLANG_ANALYZER_NONNULL = YES;
				CLANG_ANALYZER_NUMBER_OBJECT_CONVERSION = YES_AGGRESSIVE;
				CLANG_CXX_LANGUAGE_STANDARD = "gnu++0x";
				CLANG_CXX_LIBRARY = "libc++";
				CLANG_ENABLE_MODULES = YES;
				CLANG_ENABLE_OBJC_ARC = YES;
				CLANG_WARN_BOOL_CONVERSION = YES;
				CLANG_WARN_CONSTANT_CONVERSION = YES;
				CLANG_WARN_DIRECT_OBJC_ISA_USAGE = YES_ERROR;
				CLANG_WARN_DOCUMENTATION_COMMENTS = YES;
				CLANG_WARN_EMPTY_BODY = YES;
				CLANG_WARN_ENUM_CONVERSION = YES;
				CLANG_WARN_INFINITE_RECURSION = YES;
				CLANG_WARN_INT_CONVERSION = YES;
				CLANG_WARN_OBJC_ROOT_CLASS = YES_ERROR;
				CLANG_WARN_SUSPICIOUS_MOVE = YES;
				CLANG_WARN_UNREACHABLE_CODE = YES;
				CLANG_WARN__DUPLICATE_METHOD_MATCH = YES;
				"CODE_SIGN_IDENTITY[sdk=iphoneos*]" = "iPhone Developer";
				COPY_PHASE_STRIP = NO;
				DEBUG_INFORMATION_FORMAT = dwarf;
				ENABLE_STRICT_OBJC_MSGSEND = YES;
				ENABLE_TESTABILITY = YES;
				GCC_C_LANGUAGE_STANDARD = gnu99;
				GCC_DYNAMIC_NO_PIC = NO;
				GCC_NO_COMMON_BLOCKS = YES;
				GCC_OPTIMIZATION_LEVEL = 0;
				GCC_PREPROCESSOR_DEFINITIONS = (
					"DEBUG=1",
					"$(inherited)",
				);
				GCC_WARN_64_TO_32_BIT_CONVERSION = YES;
				GCC_WARN_ABOUT_RETURN_TYPE = YES_ERROR;
				GCC_WARN_UNDECLARED_SELECTOR = YES;
				GCC_WARN_UNINITIALIZED_AUTOS = YES_AGGRESSIVE;
				GCC_WARN_UNUSED_FUNCTION = YES;
				GCC_WARN_UNUSED_VARIABLE = YES;
				IPHONEOS_DEPLOYMENT_TARGET = 10.3;
				MTL_ENABLE_DEBUG_INFO = YES;
				ONLY_ACTIVE_ARCH = YES;
				SDKROOT = iphoneos;
				SWIFT_ACTIVE_COMPILATION_CONDITIONS = DEBUG;
				SWIFT_OPTIMIZATION_LEVEL = "-Onone";
				TARGETED_DEVICE_FAMILY = "1,2";
			};
			name = Debug;
		};
		8B1ABF881E71FCD500531208 /* Release */ = {
			isa = XCBuildConfiguration;
			buildSettings = {
				ALWAYS_SEARCH_USER_PATHS = NO;
				CLANG_ANALYZER_NONNULL = YES;
				CLANG_ANALYZER_NUMBER_OBJECT_CONVERSION = YES_AGGRESSIVE;
				CLANG_CXX_LANGUAGE_STANDARD = "gnu++0x";
				CLANG_CXX_LIBRARY = "libc++";
				CLANG_ENABLE_MODULES = YES;
				CLANG_ENABLE_OBJC_ARC = YES;
				CLANG_WARN_BOOL_CONVERSION = YES;
				CLANG_WARN_CONSTANT_CONVERSION = YES;
				CLANG_WARN_DIRECT_OBJC_ISA_USAGE = YES_ERROR;
				CLANG_WARN_DOCUMENTATION_COMMENTS = YES;
				CLANG_WARN_EMPTY_BODY = YES;
				CLANG_WARN_ENUM_CONVERSION = YES;
				CLANG_WARN_INFINITE_RECURSION = YES;
				CLANG_WARN_INT_CONVERSION = YES;
				CLANG_WARN_OBJC_ROOT_CLASS = YES_ERROR;
				CLANG_WARN_SUSPICIOUS_MOVE = YES;
				CLANG_WARN_UNREACHABLE_CODE = YES;
				CLANG_WARN__DUPLICATE_METHOD_MATCH = YES;
				"CODE_SIGN_IDENTITY[sdk=iphoneos*]" = "iPhone Developer";
				COPY_PHASE_STRIP = NO;
				DEBUG_INFORMATION_FORMAT = "dwarf-with-dsym";
				ENABLE_NS_ASSERTIONS = NO;
				ENABLE_STRICT_OBJC_MSGSEND = YES;
				GCC_C_LANGUAGE_STANDARD = gnu99;
				GCC_NO_COMMON_BLOCKS = YES;
				GCC_WARN_64_TO_32_BIT_CONVERSION = YES;
				GCC_WARN_ABOUT_RETURN_TYPE = YES_ERROR;
				GCC_WARN_UNDECLARED_SELECTOR = YES;
				GCC_WARN_UNINITIALIZED_AUTOS = YES_AGGRESSIVE;
				GCC_WARN_UNUSED_FUNCTION = YES;
				GCC_WARN_UNUSED_VARIABLE = YES;
				IPHONEOS_DEPLOYMENT_TARGET = 10.3;
				MTL_ENABLE_DEBUG_INFO = NO;
				SDKROOT = iphoneos;
				SWIFT_OPTIMIZATION_LEVEL = "-Owholemodule";
				TARGETED_DEVICE_FAMILY = "1,2";
				VALIDATE_PRODUCT = YES;
			};
			name = Release;
		};
		8B1ABF8A1E71FCD500531208 /* Debug */ = {
			isa = XCBuildConfiguration;
			buildSettings = {
				ASSETCATALOG_COMPILER_APPICON_NAME = AppIcon;
				INFOPLIST_FILE = GreatNumberGame/Info.plist;
				LD_RUNPATH_SEARCH_PATHS = "$(inherited) @executable_path/Frameworks";
				PRODUCT_BUNDLE_IDENTIFIER = com.codingdojo.GreatNumberGame;
				PRODUCT_NAME = "$(TARGET_NAME)";
				SWIFT_VERSION = 3.0;
			};
			name = Debug;
		};
		8B1ABF8B1E71FCD500531208 /* Release */ = {
			isa = XCBuildConfiguration;
			buildSettings = {
				ASSETCATALOG_COMPILER_APPICON_NAME = AppIcon;
				INFOPLIST_FILE = GreatNumberGame/Info.plist;
				LD_RUNPATH_SEARCH_PATHS = "$(inherited) @executable_path/Frameworks";
				PRODUCT_BUNDLE_IDENTIFIER = com.codingdojo.GreatNumberGame;
				PRODUCT_NAME = "$(TARGET_NAME)";
				SWIFT_VERSION = 3.0;
			};
			name = Release;
		};
		8B1ABF8D1E71FCD500531208 /* Debug */ = {
			isa = XCBuildConfiguration;
			buildSettings = {
				ALWAYS_EMBED_SWIFT_STANDARD_LIBRARIES = YES;
				BUNDLE_LOADER = "$(TEST_HOST)";
				INFOPLIST_FILE = GreatNumberGameTests/Info.plist;
				LD_RUNPATH_SEARCH_PATHS = "$(inherited) @executable_path/Frameworks @loader_path/Frameworks";
				PRODUCT_BUNDLE_IDENTIFIER = com.codingdojo.GreatNumberGameTests;
				PRODUCT_NAME = "$(TARGET_NAME)";
				SWIFT_VERSION = 3.0;
				TEST_HOST = "$(BUILT_PRODUCTS_DIR)/GreatNumberGame.app/GreatNumberGame";
			};
			name = Debug;
		};
		8B1ABF8E1E71FCD500531208 /* Release */ = {
			isa = XCBuildConfiguration;
			buildSettings = {
				ALWAYS_EMBED_SWIFT_STANDARD_LIBRARIES = YES;
				BUNDLE_LOADER = "$(TEST_HOST)";
				INFOPLIST_FILE = GreatNumberGameTests/Info.plist;
				LD_RUNPATH_SEARCH_PATHS = "$(inherited) @executable_path/Frameworks @loader_path/Frameworks";
				PRODUCT_BUNDLE_IDENTIFIER = com.codingdojo.GreatNumberGameTests;
				PRODUCT_NAME = "$(TARGET_NAME)";
				SWIFT_VERSION = 3.0;
				TEST_HOST = "$(BUILT_PRODUCTS_DIR)/GreatNumberGame.app/GreatNumberGame";
			};
			name = Release;
		};
		8B1ABF901E71FCD500531208 /* Debug */ = {
			isa = XCBuildConfiguration;
			buildSettings = {
				ALWAYS_EMBED_SWIFT_STANDARD_LIBRARIES = YES;
				INFOPLIST_FILE = GreatNumberGameUITests/Info.plist;
				LD_RUNPATH_SEARCH_PATHS = "$(inherited) @executable_path/Frameworks @loader_path/Frameworks";
				PRODUCT_BUNDLE_IDENTIFIER = com.codingdojo.GreatNumberGameUITests;
				PRODUCT_NAME = "$(TARGET_NAME)";
				SWIFT_VERSION = 3.0;
				TEST_TARGET_NAME = GreatNumberGame;
			};
			name = Debug;
		};
		8B1ABF911E71FCD500531208 /* Release */ = {
			isa = XCBuildConfiguration;
			buildSettings = {
				ALWAYS_EMBED_SWIFT_STANDARD_LIBRARIES = YES;
				INFOPLIST_FILE = GreatNumberGameUITests/Info.plist;
				LD_RUNPATH_SEARCH_PATHS = "$(inherited) @executable_path/Frameworks @loader_path/Frameworks";
				PRODUCT_BUNDLE_IDENTIFIER = com.codingdojo.GreatNumberGameUITests;
				PRODUCT_NAME = "$(TARGET_NAME)";
				SWIFT_VERSION = 3.0;
				TEST_TARGET_NAME = GreatNumberGame;
			};
			name = Release;
		};
/* End XCBuildConfiguration section */

/* Begin XCConfigurationList section */
		8B1ABF5C1E71FCD400531208 /* Build configuration list for PBXProject "GreatNumberGame" */ = {
			isa = XCConfigurationList;
			buildConfigurations = (
				8B1ABF871E71FCD500531208 /* Debug */,
				8B1ABF881E71FCD500531208 /* Release */,
			);
			defaultConfigurationIsVisible = 0;
			defaultConfigurationName = Release;
		};
		8B1ABF891E71FCD500531208 /* Build configuration list for PBXNativeTarget "GreatNumberGame" */ = {
			isa = XCConfigurationList;
			buildConfigurations = (
				8B1ABF8A1E71FCD500531208 /* Debug */,
				8B1ABF8B1E71FCD500531208 /* Release */,
			);
			defaultConfigurationIsVisible = 0;
		};
		8B1ABF8C1E71FCD500531208 /* Build configuration list for PBXNativeTarget "GreatNumberGameTests" */ = {
			isa = XCConfigurationList;
			buildConfigurations = (
				8B1ABF8D1E71FCD500531208 /* Debug */,
				8B1ABF8E1E71FCD500531208 /* Release */,
			);
			defaultConfigurationIsVisible = 0;
		};
		8B1ABF8F1E71FCD500531208 /* Build configuration list for PBXNativeTarget "GreatNumberGameUITests" */ = {
			isa = XCConfigurationList;
			buildConfigurations = (
				8B1ABF901E71FCD500531208 /* Debug */,
				8B1ABF911E71FCD500531208 /* Release */,
			);
			defaultConfigurationIsVisible = 0;
		};
/* End XCConfigurationList section */
	};
	rootObject = 8B1ABF591E71FCD400531208 /* Project object */;
}
