// !$*UTF8*$!
{
	archiveVersion = 1;
	classes = {
	};
	objectVersion = 46;
	objects = {

/* Begin PBXBuildFile section */
		8BD5B92D1E7A13B900C66763 /* AppDelegate.swift in Sources */ = {isa = PBXBuildFile; fileRef = 8BD5B92C1E7A13B900C66763 /* AppDelegate.swift */; };
		8BD5B92F1E7A13B900C66763 /* ViewController.swift in Sources */ = {isa = PBXBuildFile; fileRef = 8BD5B92E1E7A13B900C66763 /* ViewController.swift */; };
		8BD5B9321E7A13B900C66763 /* Main.storyboard in Resources */ = {isa = PBXBuildFile; fileRef = 8BD5B9301E7A13B900C66763 /* Main.storyboard */; };
		8BD5B9341E7A13B900C66763 /* Assets.xcassets in Resources */ = {isa = PBXBuildFile; fileRef = 8BD5B9331E7A13B900C66763 /* Assets.xcassets */; };
		8BD5B9371E7A13B900C66763 /* LaunchScreen.storyboard in Resources */ = {isa = PBXBuildFile; fileRef = 8BD5B9351E7A13B900C66763 /* LaunchScreen.storyboard */; };
		8BD5B93F1E7A17D100C66763 /* OtherViewController.swift in Sources */ = {isa = PBXBuildFile; fileRef = 8BD5B93E1E7A17D100C66763 /* OtherViewController.swift */; };
/* End PBXBuildFile section */

/* Begin PBXFileReference section */
		8BD5B9291E7A13B900C66763 /* NESW.app */ = {isa = PBXFileReference; explicitFileType = wrapper.application; includeInIndex = 0; path = NESW.app; sourceTree = BUILT_PRODUCTS_DIR; };
		8BD5B92C1E7A13B900C66763 /* AppDelegate.swift */ = {isa = PBXFileReference; lastKnownFileType = sourcecode.swift; path = AppDelegate.swift; sourceTree = "<group>"; };
		8BD5B92E1E7A13B900C66763 /* ViewController.swift */ = {isa = PBXFileReference; lastKnownFileType = sourcecode.swift; path = ViewController.swift; sourceTree = "<group>"; };
		8BD5B9311E7A13B900C66763 /* Base */ = {isa = PBXFileReference; lastKnownFileType = file.storyboard; name = Base; path = Base.lproj/Main.storyboard; sourceTree = "<group>"; };
		8BD5B9331E7A13B900C66763 /* Assets.xcassets */ = {isa = PBXFileReference; lastKnownFileType = folder.assetcatalog; path = Assets.xcassets; sourceTree = "<group>"; };
		8BD5B9361E7A13B900C66763 /* Base */ = {isa = PBXFileReference; lastKnownFileType = file.storyboard; name = Base; path = Base.lproj/LaunchScreen.storyboard; sourceTree = "<group>"; };
		8BD5B9381E7A13B900C66763 /* Info.plist */ = {isa = PBXFileReference; lastKnownFileType = text.plist.xml; path = Info.plist; sourceTree = "<group>"; };
		8BD5B93E1E7A17D100C66763 /* OtherViewController.swift */ = {isa = PBXFileReference; fileEncoding = 4; lastKnownFileType = sourcecode.swift; path = OtherViewController.swift; sourceTree = "<group>"; };
/* End PBXFileReference section */

/* Begin PBXFrameworksBuildPhase section */
		8BD5B9261E7A13B900C66763 /* Frameworks */ = {
			isa = PBXFrameworksBuildPhase;
			buildActionMask = 2147483647;
			files = (
			);
			runOnlyForDeploymentPostprocessing = 0;
		};
/* End PBXFrameworksBuildPhase section */

/* Begin PBXGroup section */
		8BD5B9201E7A13B900C66763 = {
			isa = PBXGroup;
			children = (
				8BD5B93E1E7A17D100C66763 /* OtherViewController.swift */,
				8BD5B92B1E7A13B900C66763 /* NESW */,
				8BD5B92A1E7A13B900C66763 /* Products */,
			);
			sourceTree = "<group>";
		};
		8BD5B92A1E7A13B900C66763 /* Products */ = {
			isa = PBXGroup;
			children = (
				8BD5B9291E7A13B900C66763 /* NESW.app */,
			);
			name = Products;
			sourceTree = "<group>";
		};
		8BD5B92B1E7A13B900C66763 /* NESW */ = {
			isa = PBXGroup;
			children = (
				8BD5B92C1E7A13B900C66763 /* AppDelegate.swift */,
				8BD5B92E1E7A13B900C66763 /* ViewController.swift */,
				8BD5B9301E7A13B900C66763 /* Main.storyboard */,
				8BD5B9331E7A13B900C66763 /* Assets.xcassets */,
				8BD5B9351E7A13B900C66763 /* LaunchScreen.storyboard */,
				8BD5B9381E7A13B900C66763 /* Info.plist */,
			);
			path = NESW;
			sourceTree = "<group>";
		};
/* End PBXGroup section */

/* Begin PBXNativeTarget section */
		8BD5B9281E7A13B900C66763 /* NESW */ = {
			isa = PBXNativeTarget;
			buildConfigurationList = 8BD5B93B1E7A13B900C66763 /* Build configuration list for PBXNativeTarget "NESW" */;
			buildPhases = (
				8BD5B9251E7A13B900C66763 /* Sources */,
				8BD5B9261E7A13B900C66763 /* Frameworks */,
				8BD5B9271E7A13B900C66763 /* Resources */,
			);
			buildRules = (
			);
			dependencies = (
			);
			name = NESW;
			productName = NESW;
			productReference = 8BD5B9291E7A13B900C66763 /* NESW.app */;
			productType = "com.apple.product-type.application";
		};
/* End PBXNativeTarget section */

/* Begin PBXProject section */
		8BD5B9211E7A13B900C66763 /* Project object */ = {
			isa = PBXProject;
			attributes = {
				LastSwiftUpdateCheck = 0830;
				LastUpgradeCheck = 0830;
				ORGANIZATIONNAME = frandz;
				TargetAttributes = {
					8BD5B9281E7A13B900C66763 = {
						CreatedOnToolsVersion = 8.3;
						DevelopmentTeam = H7VH2U8A29;
						ProvisioningStyle = Automatic;
					};
				};
			};
			buildConfigurationList = 8BD5B9241E7A13B900C66763 /* Build configuration list for PBXProject "NESW" */;
			compatibilityVersion = "Xcode 3.2";
			developmentRegion = English;
			hasScannedForEncodings = 0;
			knownRegions = (
				en,
				Base,
			);
			mainGroup = 8BD5B9201E7A13B900C66763;
			productRefGroup = 8BD5B92A1E7A13B900C66763 /* Products */;
			projectDirPath = "";
			projectRoot = "";
			targets = (
				8BD5B9281E7A13B900C66763 /* NESW */,
			);
		};
/* End PBXProject section */

/* Begin PBXResourcesBuildPhase section */
		8BD5B9271E7A13B900C66763 /* Resources */ = {
			isa = PBXResourcesBuildPhase;
			buildActionMask = 2147483647;
			files = (
				8BD5B9371E7A13B900C66763 /* LaunchScreen.storyboard in Resources */,
				8BD5B9341E7A13B900C66763 /* Assets.xcassets in Resources */,
				8BD5B9321E7A13B900C66763 /* Main.storyboard in Resources */,
			);
			runOnlyForDeploymentPostprocessing = 0;
		};
/* End PBXResourcesBuildPhase section */

/* Begin PBXSourcesBuildPhase section */
		8BD5B9251E7A13B900C66763 /* Sources */ = {
			isa = PBXSourcesBuildPhase;
			buildActionMask = 2147483647;
			files = (
				8BD5B92F1E7A13B900C66763 /* ViewController.swift in Sources */,
				8BD5B93F1E7A17D100C66763 /* OtherViewController.swift in Sources */,
				8BD5B92D1E7A13B900C66763 /* AppDelegate.swift in Sources */,
			);
			runOnlyForDeploymentPostprocessing = 0;
		};
/* End PBXSourcesBuildPhase section */

/* Begin PBXVariantGroup section */
		8BD5B9301E7A13B900C66763 /* Main.storyboard */ = {
			isa = PBXVariantGroup;
			children = (
				8BD5B9311E7A13B900C66763 /* Base */,
			);
			name = Main.storyboard;
			sourceTree = "<group>";
		};
		8BD5B9351E7A13B900C66763 /* LaunchScreen.storyboard */ = {
			isa = PBXVariantGroup;
			children = (
				8BD5B9361E7A13B900C66763 /* Base */,
			);
			name = LaunchScreen.storyboard;
			sourceTree = "<group>";
		};
/* End PBXVariantGroup section */

/* Begin XCBuildConfiguration section */
		8BD5B9391E7A13B900C66763 /* Debug */ = {
			isa = XCBuildConfiguration;
			buildSettings = {
				ALWAYS_SEARCH_USER_PATHS = NO;
				CLANG_ANALYZER_NONNULL = YES;
				CLANG_ANALYZER_NUMBER_OBJECT_CONVERSION = YES_AGGRESSIVE;
				CLANG_CXX_LANGUAGE_STANDARD = "gnu++0x";
				CLANG_CXX_LIBRARY = "libc++";
				CLANG_ENABLE_MODULES = YES;
				CLANG_ENABLE_OBJC_ARC = YES;
				CLANG_WARN_BOOL_CONVERSION = YES;
				CLANG_WARN_CONSTANT_CONVERSION = YES;
				CLANG_WARN_DIRECT_OBJC_ISA_USAGE = YES_ERROR;
				CLANG_WARN_DOCUMENTATION_COMMENTS = YES;
				CLANG_WARN_EMPTY_BODY = YES;
				CLANG_WARN_ENUM_CONVERSION = YES;
				CLANG_WARN_INFINITE_RECURSION = YES;
				CLANG_WARN_INT_CONVERSION = YES;
				CLANG_WARN_OBJC_ROOT_CLASS = YES_ERROR;
				CLANG_WARN_SUSPICIOUS_MOVE = YES;
				CLANG_WARN_UNREACHABLE_CODE = YES;
				CLANG_WARN__DUPLICATE_METHOD_MATCH = YES;
				"CODE_SIGN_IDENTITY[sdk=iphoneos*]" = "iPhone Developer";
				COPY_PHASE_STRIP = NO;
				DEBUG_INFORMATION_FORMAT = dwarf;
				ENABLE_STRICT_OBJC_MSGSEND = YES;
				ENABLE_TESTABILITY = YES;
				GCC_C_LANGUAGE_STANDARD = gnu99;
				GCC_DYNAMIC_NO_PIC = NO;
				GCC_NO_COMMON_BLOCKS = YES;
				GCC_OPTIMIZATION_LEVEL = 0;
				GCC_PREPROCESSOR_DEFINITIONS = (
					"DEBUG=1",
					"$(inherited)",
				);
				GCC_WARN_64_TO_32_BIT_CONVERSION = YES;
				GCC_WARN_ABOUT_RETURN_TYPE = YES_ERROR;
				GCC_WARN_UNDECLARED_SELECTOR = YES;
				GCC_WARN_UNINITIALIZED_AUTOS = YES_AGGRESSIVE;
				GCC_WARN_UNUSED_FUNCTION = YES;
				GCC_WARN_UNUSED_VARIABLE = YES;
				IPHONEOS_DEPLOYMENT_TARGET = 10.3;
				MTL_ENABLE_DEBUG_INFO = YES;
				ONLY_ACTIVE_ARCH = YES;
				SDKROOT = iphoneos;
				SWIFT_ACTIVE_COMPILATION_CONDITIONS = DEBUG;
				SWIFT_OPTIMIZATION_LEVEL = "-Onone";
				TARGETED_DEVICE_FAMILY = "1,2";
			};
			name = Debug;
		};
		8BD5B93A1E7A13B900C66763 /* Release */ = {
			isa = XCBuildConfiguration;
			buildSettings = {
				ALWAYS_SEARCH_USER_PATHS = NO;
				CLANG_ANALYZER_NONNULL = YES;
				CLANG_ANALYZER_NUMBER_OBJECT_CONVERSION = YES_AGGRESSIVE;
				CLANG_CXX_LANGUAGE_STANDARD = "gnu++0x";
				CLANG_CXX_LIBRARY = "libc++";
				CLANG_ENABLE_MODULES = YES;
				CLANG_ENABLE_OBJC_ARC = YES;
				CLANG_WARN_BOOL_CONVERSION = YES;
				CLANG_WARN_CONSTANT_CONVERSION = YES;
				CLANG_WARN_DIRECT_OBJC_ISA_USAGE = YES_ERROR;
				CLANG_WARN_DOCUMENTATION_COMMENTS = YES;
				CLANG_WARN_EMPTY_BODY = YES;
				CLANG_WARN_ENUM_CONVERSION = YES;
				CLANG_WARN_INFINITE_RECURSION = YES;
				CLANG_WARN_INT_CONVERSION = YES;
				CLANG_WARN_OBJC_ROOT_CLASS = YES_ERROR;
				CLANG_WARN_SUSPICIOUS_MOVE = YES;
				CLANG_WARN_UNREACHABLE_CODE = YES;
				CLANG_WARN__DUPLICATE_METHOD_MATCH = YES;
				"CODE_SIGN_IDENTITY[sdk=iphoneos*]" = "iPhone Developer";
				COPY_PHASE_STRIP = NO;
				DEBUG_INFORMATION_FORMAT = "dwarf-with-dsym";
				ENABLE_NS_ASSERTIONS = NO;
				ENABLE_STRICT_OBJC_MSGSEND = YES;
				GCC_C_LANGUAGE_STANDARD = gnu99;
				GCC_NO_COMMON_BLOCKS = YES;
				GCC_WARN_64_TO_32_BIT_CONVERSION = YES;
				GCC_WARN_ABOUT_RETURN_TYPE = YES_ERROR;
				GCC_WARN_UNDECLARED_SELECTOR = YES;
				GCC_WARN_UNINITIALIZED_AUTOS = YES_AGGRESSIVE;
				GCC_WARN_UNUSED_FUNCTION = YES;
				GCC_WARN_UNUSED_VARIABLE = YES;
				IPHONEOS_DEPLOYMENT_TARGET = 10.3;
				MTL_ENABLE_DEBUG_INFO = NO;
				SDKROOT = iphoneos;
				SWIFT_OPTIMIZATION_LEVEL = "-Owholemodule";
				TARGETED_DEVICE_FAMILY = "1,2";
				VALIDATE_PRODUCT = YES;
			};
			name = Release;
		};
		8BD5B93C1E7A13B900C66763 /* Debug */ = {
			isa = XCBuildConfiguration;
			buildSettings = {
				ASSETCATALOG_COMPILER_APPICON_NAME = AppIcon;
				DEVELOPMENT_TEAM = H7VH2U8A29;
				INFOPLIST_FILE = NESW/Info.plist;
				LD_RUNPATH_SEARCH_PATHS = "$(inherited) @executable_path/Frameworks";
				PRODUCT_BUNDLE_IDENTIFIER = com.codingdojo.NESW;
				PRODUCT_NAME = "$(TARGET_NAME)";
				SWIFT_VERSION = 3.0;
			};
			name = Debug;
		};
		8BD5B93D1E7A13B900C66763 /* Release */ = {
			isa = XCBuildConfiguration;
			buildSettings = {
				ASSETCATALOG_COMPILER_APPICON_NAME = AppIcon;
				DEVELOPMENT_TEAM = H7VH2U8A29;
				INFOPLIST_FILE = NESW/Info.plist;
				LD_RUNPATH_SEARCH_PATHS = "$(inherited) @executable_path/Frameworks";
				PRODUCT_BUNDLE_IDENTIFIER = com.codingdojo.NESW;
				PRODUCT_NAME = "$(TARGET_NAME)";
				SWIFT_VERSION = 3.0;
			};
			name = Release;
		};
/* End XCBuildConfiguration section */

/* Begin XCConfigurationList section */
		8BD5B9241E7A13B900C66763 /* Build configuration list for PBXProject "NESW" */ = {
			isa = XCConfigurationList;
			buildConfigurations = (
				8BD5B9391E7A13B900C66763 /* Debug */,
				8BD5B93A1E7A13B900C66763 /* Release */,
			);
			defaultConfigurationIsVisible = 0;
			defaultConfigurationName = Release;
		};
		8BD5B93B1E7A13B900C66763 /* Build configuration list for PBXNativeTarget "NESW" */ = {
			isa = XCConfigurationList;
			buildConfigurations = (
				8BD5B93C1E7A13B900C66763 /* Debug */,
				8BD5B93D1E7A13B900C66763 /* Release */,
			);
			defaultConfigurationIsVisible = 0;
		};
/* End XCConfigurationList section */
	};
	rootObject = 8BD5B9211E7A13B900C66763 /* Project object */;
}
