// !$*UTF8*$!
{
	archiveVersion = 1;
	classes = {
	};
	objectVersion = 46;
	objects = {

/* Begin PBXBuildFile section */
		8B1ABEF11E70F92500531208 /* AppDelegate.swift in Sources */ = {isa = PBXBuildFile; fileRef = 8B1ABEF01E70F92500531208 /* AppDelegate.swift */; };
		8B1ABEF31E70F92500531208 /* ViewController.swift in Sources */ = {isa = PBXBuildFile; fileRef = 8B1ABEF21E70F92500531208 /* ViewController.swift */; };
		8B1ABEF61E70F92500531208 /* Main.storyboard in Resources */ = {isa = PBXBuildFile; fileRef = 8B1ABEF41E70F92500531208 /* Main.storyboard */; };
		8B1ABEF81E70F92500531208 /* Assets.xcassets in Resources */ = {isa = PBXBuildFile; fileRef = 8B1ABEF71E70F92500531208 /* Assets.xcassets */; };
		8B1ABEFB1E70F92500531208 /* LaunchScreen.storyboard in Resources */ = {isa = PBXBuildFile; fileRef = 8B1ABEF91E70F92500531208 /* LaunchScreen.storyboard */; };
		8B1ABF061E70F92500531208 /* TicTacToeTests.swift in Sources */ = {isa = PBXBuildFile; fileRef = 8B1ABF051E70F92500531208 /* TicTacToeTests.swift */; };
		8B1ABF111E70F92500531208 /* TicTacToeUITests.swift in Sources */ = {isa = PBXBuildFile; fileRef = 8B1ABF101E70F92500531208 /* TicTacToeUITests.swift */; };
/* End PBXBuildFile section */

/* Begin PBXContainerItemProxy section */
		8B1ABF021E70F92500531208 /* PBXContainerItemProxy */ = {
			isa = PBXContainerItemProxy;
			containerPortal = 8B1ABEE51E70F92500531208 /* Project object */;
			proxyType = 1;
			remoteGlobalIDString = 8B1ABEEC1E70F92500531208;
			remoteInfo = TicTacToe;
		};
		8B1ABF0D1E70F92500531208 /* PBXContainerItemProxy */ = {
			isa = PBXContainerItemProxy;
			containerPortal = 8B1ABEE51E70F92500531208 /* Project object */;
			proxyType = 1;
			remoteGlobalIDString = 8B1ABEEC1E70F92500531208;
			remoteInfo = TicTacToe;
		};
/* End PBXContainerItemProxy section */

/* Begin PBXFileReference section */
		8B1ABEED1E70F92500531208 /* TicTacToe.app */ = {isa = PBXFileReference; explicitFileType = wrapper.application; includeInIndex = 0; path = TicTacToe.app; sourceTree = BUILT_PRODUCTS_DIR; };
		8B1ABEF01E70F92500531208 /* AppDelegate.swift */ = {isa = PBXFileReference; lastKnownFileType = sourcecode.swift; path = AppDelegate.swift; sourceTree = "<group>"; };
		8B1ABEF21E70F92500531208 /* ViewController.swift */ = {isa = PBXFileReference; lastKnownFileType = sourcecode.swift; path = ViewController.swift; sourceTree = "<group>"; };
		8B1ABEF51E70F92500531208 /* Base */ = {isa = PBXFileReference; lastKnownFileType = file.storyboard; name = Base; path = Base.lproj/Main.storyboard; sourceTree = "<group>"; };
		8B1ABEF71E70F92500531208 /* Assets.xcassets */ = {isa = PBXFileReference; lastKnownFileType = folder.assetcatalog; path = Assets.xcassets; sourceTree = "<group>"; };
		8B1ABEFA1E70F92500531208 /* Base */ = {isa = PBXFileReference; lastKnownFileType = file.storyboard; name = Base; path = Base.lproj/LaunchScreen.storyboard; sourceTree = "<group>"; };
		8B1ABEFC1E70F92500531208 /* Info.plist */ = {isa = PBXFileReference; lastKnownFileType = text.plist.xml; path = Info.plist; sourceTree = "<group>"; };
		8B1ABF011E70F92500531208 /* TicTacToeTests.xctest */ = {isa = PBXFileReference; explicitFileType = wrapper.cfbundle; includeInIndex = 0; path = TicTacToeTests.xctest; sourceTree = BUILT_PRODUCTS_DIR; };
		8B1ABF051E70F92500531208 /* TicTacToeTests.swift */ = {isa = PBXFileReference; lastKnownFileType = sourcecode.swift; path = TicTacToeTests.swift; sourceTree = "<group>"; };
		8B1ABF071E70F92500531208 /* Info.plist */ = {isa = PBXFileReference; lastKnownFileType = text.plist.xml; path = Info.plist; sourceTree = "<group>"; };
		8B1ABF0C1E70F92500531208 /* TicTacToeUITests.xctest */ = {isa = PBXFileReference; explicitFileType = wrapper.cfbundle; includeInIndex = 0; path = TicTacToeUITests.xctest; sourceTree = BUILT_PRODUCTS_DIR; };
		8B1ABF101E70F92500531208 /* TicTacToeUITests.swift */ = {isa = PBXFileReference; lastKnownFileType = sourcecode.swift; path = TicTacToeUITests.swift; sourceTree = "<group>"; };
		8B1ABF121E70F92500531208 /* Info.plist */ = {isa = PBXFileReference; lastKnownFileType = text.plist.xml; path = Info.plist; sourceTree = "<group>"; };
/* End PBXFileReference section */

/* Begin PBXFrameworksBuildPhase section */
		8B1ABEEA1E70F92500531208 /* Frameworks */ = {
			isa = PBXFrameworksBuildPhase;
			buildActionMask = 2147483647;
			files = (
			);
			runOnlyForDeploymentPostprocessing = 0;
		};
		8B1ABEFE1E70F92500531208 /* Frameworks */ = {
			isa = PBXFrameworksBuildPhase;
			buildActionMask = 2147483647;
			files = (
			);
			runOnlyForDeploymentPostprocessing = 0;
		};
		8B1ABF091E70F92500531208 /* Frameworks */ = {
			isa = PBXFrameworksBuildPhase;
			buildActionMask = 2147483647;
			files = (
			);
			runOnlyForDeploymentPostprocessing = 0;
		};
/* End PBXFrameworksBuildPhase section */

/* Begin PBXGroup section */
		8B1ABEE41E70F92500531208 = {
			isa = PBXGroup;
			children = (
				8B1ABEEF1E70F92500531208 /* TicTacToe */,
				8B1ABF041E70F92500531208 /* TicTacToeTests */,
				8B1ABF0F1E70F92500531208 /* TicTacToeUITests */,
				8B1ABEEE1E70F92500531208 /* Products */,
			);
			sourceTree = "<group>";
		};
		8B1ABEEE1E70F92500531208 /* Products */ = {
			isa = PBXGroup;
			children = (
				8B1ABEED1E70F92500531208 /* TicTacToe.app */,
				8B1ABF011E70F92500531208 /* TicTacToeTests.xctest */,
				8B1ABF0C1E70F92500531208 /* TicTacToeUITests.xctest */,
			);
			name = Products;
			sourceTree = "<group>";
		};
		8B1ABEEF1E70F92500531208 /* TicTacToe */ = {
			isa = PBXGroup;
			children = (
				8B1ABEF01E70F92500531208 /* AppDelegate.swift */,
				8B1ABEF21E70F92500531208 /* ViewController.swift */,
				8B1ABEF41E70F92500531208 /* Main.storyboard */,
				8B1ABEF71E70F92500531208 /* Assets.xcassets */,
				8B1ABEF91E70F92500531208 /* LaunchScreen.storyboard */,
				8B1ABEFC1E70F92500531208 /* Info.plist */,
			);
			path = TicTacToe;
			sourceTree = "<group>";
		};
		8B1ABF041E70F92500531208 /* TicTacToeTests */ = {
			isa = PBXGroup;
			children = (
				8B1ABF051E70F92500531208 /* TicTacToeTests.swift */,
				8B1ABF071E70F92500531208 /* Info.plist */,
			);
			path = TicTacToeTests;
			sourceTree = "<group>";
		};
		8B1ABF0F1E70F92500531208 /* TicTacToeUITests */ = {
			isa = PBXGroup;
			children = (
				8B1ABF101E70F92500531208 /* TicTacToeUITests.swift */,
				8B1ABF121E70F92500531208 /* Info.plist */,
			);
			path = TicTacToeUITests;
			sourceTree = "<group>";
		};
/* End PBXGroup section */

/* Begin PBXNativeTarget section */
		8B1ABEEC1E70F92500531208 /* TicTacToe */ = {
			isa = PBXNativeTarget;
			buildConfigurationList = 8B1ABF151E70F92500531208 /* Build configuration list for PBXNativeTarget "TicTacToe" */;
			buildPhases = (
				8B1ABEE91E70F92500531208 /* Sources */,
				8B1ABEEA1E70F92500531208 /* Frameworks */,
				8B1ABEEB1E70F92500531208 /* Resources */,
			);
			buildRules = (
			);
			dependencies = (
			);
			name = TicTacToe;
			productName = TicTacToe;
			productReference = 8B1ABEED1E70F92500531208 /* TicTacToe.app */;
			productType = "com.apple.product-type.application";
		};
		8B1ABF001E70F92500531208 /* TicTacToeTests */ = {
			isa = PBXNativeTarget;
			buildConfigurationList = 8B1ABF181E70F92500531208 /* Build configuration list for PBXNativeTarget "TicTacToeTests" */;
			buildPhases = (
				8B1ABEFD1E70F92500531208 /* Sources */,
				8B1ABEFE1E70F92500531208 /* Frameworks */,
				8B1ABEFF1E70F92500531208 /* Resources */,
			);
			buildRules = (
			);
			dependencies = (
				8B1ABF031E70F92500531208 /* PBXTargetDependency */,
			);
			name = TicTacToeTests;
			productName = TicTacToeTests;
			productReference = 8B1ABF011E70F92500531208 /* TicTacToeTests.xctest */;
			productType = "com.apple.product-type.bundle.unit-test";
		};
		8B1ABF0B1E70F92500531208 /* TicTacToeUITests */ = {
			isa = PBXNativeTarget;
			buildConfigurationList = 8B1ABF1B1E70F92500531208 /* Build configuration list for PBXNativeTarget "TicTacToeUITests" */;
			buildPhases = (
				8B1ABF081E70F92500531208 /* Sources */,
				8B1ABF091E70F92500531208 /* Frameworks */,
				8B1ABF0A1E70F92500531208 /* Resources */,
			);
			buildRules = (
			);
			dependencies = (
				8B1ABF0E1E70F92500531208 /* PBXTargetDependency */,
			);
			name = TicTacToeUITests;
			productName = TicTacToeUITests;
			productReference = 8B1ABF0C1E70F92500531208 /* TicTacToeUITests.xctest */;
			productType = "com.apple.product-type.bundle.ui-testing";
		};
/* End PBXNativeTarget section */

/* Begin PBXProject section */
		8B1ABEE51E70F92500531208 /* Project object */ = {
			isa = PBXProject;
			attributes = {
				LastSwiftUpdateCheck = 0830;
				LastUpgradeCheck = 0830;
				ORGANIZATIONNAME = "Carolyn Yen";
				TargetAttributes = {
					8B1ABEEC1E70F92500531208 = {
						CreatedOnToolsVersion = 8.3;
						ProvisioningStyle = Automatic;
					};
					8B1ABF001E70F92500531208 = {
						CreatedOnToolsVersion = 8.3;
						ProvisioningStyle = Automatic;
						TestTargetID = 8B1ABEEC1E70F92500531208;
					};
					8B1ABF0B1E70F92500531208 = {
						CreatedOnToolsVersion = 8.3;
						ProvisioningStyle = Automatic;
						TestTargetID = 8B1ABEEC1E70F92500531208;
					};
				};
			};
			buildConfigurationList = 8B1ABEE81E70F92500531208 /* Build configuration list for PBXProject "TicTacToe" */;
			compatibilityVersion = "Xcode 3.2";
			developmentRegion = English;
			hasScannedForEncodings = 0;
			knownRegions = (
				en,
				Base,
			);
			mainGroup = 8B1ABEE41E70F92500531208;
			productRefGroup = 8B1ABEEE1E70F92500531208 /* Products */;
			projectDirPath = "";
			projectRoot = "";
			targets = (
				8B1ABEEC1E70F92500531208 /* TicTacToe */,
				8B1ABF001E70F92500531208 /* TicTacToeTests */,
				8B1ABF0B1E70F92500531208 /* TicTacToeUITests */,
			);
		};
/* End PBXProject section */

/* Begin PBXResourcesBuildPhase section */
		8B1ABEEB1E70F92500531208 /* Resources */ = {
			isa = PBXResourcesBuildPhase;
			buildActionMask = 2147483647;
			files = (
				8B1ABEFB1E70F92500531208 /* LaunchScreen.storyboard in Resources */,
				8B1ABEF81E70F92500531208 /* Assets.xcassets in Resources */,
				8B1ABEF61E70F92500531208 /* Main.storyboard in Resources */,
			);
			runOnlyForDeploymentPostprocessing = 0;
		};
		8B1ABEFF1E70F92500531208 /* Resources */ = {
			isa = PBXResourcesBuildPhase;
			buildActionMask = 2147483647;
			files = (
			);
			runOnlyForDeploymentPostprocessing = 0;
		};
		8B1ABF0A1E70F92500531208 /* Resources */ = {
			isa = PBXResourcesBuildPhase;
			buildActionMask = 2147483647;
			files = (
			);
			runOnlyForDeploymentPostprocessing = 0;
		};
/* End PBXResourcesBuildPhase section */

/* Begin PBXSourcesBuildPhase section */
		8B1ABEE91E70F92500531208 /* Sources */ = {
			isa = PBXSourcesBuildPhase;
			buildActionMask = 2147483647;
			files = (
				8B1ABEF31E70F92500531208 /* ViewController.swift in Sources */,
				8B1ABEF11E70F92500531208 /* AppDelegate.swift in Sources */,
			);
			runOnlyForDeploymentPostprocessing = 0;
		};
		8B1ABEFD1E70F92500531208 /* Sources */ = {
			isa = PBXSourcesBuildPhase;
			buildActionMask = 2147483647;
			files = (
				8B1ABF061E70F92500531208 /* TicTacToeTests.swift in Sources */,
			);
			runOnlyForDeploymentPostprocessing = 0;
		};
		8B1ABF081E70F92500531208 /* Sources */ = {
			isa = PBXSourcesBuildPhase;
			buildActionMask = 2147483647;
			files = (
				8B1ABF111E70F92500531208 /* TicTacToeUITests.swift in Sources */,
			);
			runOnlyForDeploymentPostprocessing = 0;
		};
/* End PBXSourcesBuildPhase section */

/* Begin PBXTargetDependency section */
		8B1ABF031E70F92500531208 /* PBXTargetDependency */ = {
			isa = PBXTargetDependency;
			target = 8B1ABEEC1E70F92500531208 /* TicTacToe */;
			targetProxy = 8B1ABF021E70F92500531208 /* PBXContainerItemProxy */;
		};
		8B1ABF0E1E70F92500531208 /* PBXTargetDependency */ = {
			isa = PBXTargetDependency;
			target = 8B1ABEEC1E70F92500531208 /* TicTacToe */;
			targetProxy = 8B1ABF0D1E70F92500531208 /* PBXContainerItemProxy */;
		};
/* End PBXTargetDependency section */

/* Begin PBXVariantGroup section */
		8B1ABEF41E70F92500531208 /* Main.storyboard */ = {
			isa = PBXVariantGroup;
			children = (
				8B1ABEF51E70F92500531208 /* Base */,
			);
			name = Main.storyboard;
			sourceTree = "<group>";
		};
		8B1ABEF91E70F92500531208 /* LaunchScreen.storyboard */ = {
			isa = PBXVariantGroup;
			children = (
				8B1ABEFA1E70F92500531208 /* Base */,
			);
			name = LaunchScreen.storyboard;
			sourceTree = "<group>";
		};
/* End PBXVariantGroup section */

/* Begin XCBuildConfiguration section */
		8B1ABF131E70F92500531208 /* Debug */ = {
			isa = XCBuildConfiguration;
			buildSettings = {
				ALWAYS_SEARCH_USER_PATHS = NO;
				CLANG_ANALYZER_NONNULL = YES;
				CLANG_ANALYZER_NUMBER_OBJECT_CONVERSION = YES_AGGRESSIVE;
				CLANG_CXX_LANGUAGE_STANDARD = "gnu++0x";
				CLANG_CXX_LIBRARY = "libc++";
				CLANG_ENABLE_MODULES = YES;
				CLANG_ENABLE_OBJC_ARC = YES;
				CLANG_WARN_BOOL_CONVERSION = YES;
				CLANG_WARN_CONSTANT_CONVERSION = YES;
				CLANG_WARN_DIRECT_OBJC_ISA_USAGE = YES_ERROR;
				CLANG_WARN_DOCUMENTATION_COMMENTS = YES;
				CLANG_WARN_EMPTY_BODY = YES;
				CLANG_WARN_ENUM_CONVERSION = YES;
				CLANG_WARN_INFINITE_RECURSION = YES;
				CLANG_WARN_INT_CONVERSION = YES;
				CLANG_WARN_OBJC_ROOT_CLASS = YES_ERROR;
				CLANG_WARN_SUSPICIOUS_MOVE = YES;
				CLANG_WARN_UNREACHABLE_CODE = YES;
				CLANG_WARN__DUPLICATE_METHOD_MATCH = YES;
				"CODE_SIGN_IDENTITY[sdk=iphoneos*]" = "iPhone Developer";
				COPY_PHASE_STRIP = NO;
				DEBUG_INFORMATION_FORMAT = dwarf;
				ENABLE_STRICT_OBJC_MSGSEND = YES;
				ENABLE_TESTABILITY = YES;
				GCC_C_LANGUAGE_STANDARD = gnu99;
				GCC_DYNAMIC_NO_PIC = NO;
				GCC_NO_COMMON_BLOCKS = YES;
				GCC_OPTIMIZATION_LEVEL = 0;
				GCC_PREPROCESSOR_DEFINITIONS = (
					"DEBUG=1",
					"$(inherited)",
				);
				GCC_WARN_64_TO_32_BIT_CONVERSION = YES;
				GCC_WARN_ABOUT_RETURN_TYPE = YES_ERROR;
				GCC_WARN_UNDECLARED_SELECTOR = YES;
				GCC_WARN_UNINITIALIZED_AUTOS = YES_AGGRESSIVE;
				GCC_WARN_UNUSED_FUNCTION = YES;
				GCC_WARN_UNUSED_VARIABLE = YES;
				IPHONEOS_DEPLOYMENT_TARGET = 10.3;
				MTL_ENABLE_DEBUG_INFO = YES;
				ONLY_ACTIVE_ARCH = YES;
				SDKROOT = iphoneos;
				SWIFT_ACTIVE_COMPILATION_CONDITIONS = DEBUG;
				SWIFT_OPTIMIZATION_LEVEL = "-Onone";
				TARGETED_DEVICE_FAMILY = "1,2";
			};
			name = Debug;
		};
		8B1ABF141E70F92500531208 /* Release */ = {
			isa = XCBuildConfiguration;
			buildSettings = {
				ALWAYS_SEARCH_USER_PATHS = NO;
				CLANG_ANALYZER_NONNULL = YES;
				CLANG_ANALYZER_NUMBER_OBJECT_CONVERSION = YES_AGGRESSIVE;
				CLANG_CXX_LANGUAGE_STANDARD = "gnu++0x";
				CLANG_CXX_LIBRARY = "libc++";
				CLANG_ENABLE_MODULES = YES;
				CLANG_ENABLE_OBJC_ARC = YES;
				CLANG_WARN_BOOL_CONVERSION = YES;
				CLANG_WARN_CONSTANT_CONVERSION = YES;
				CLANG_WARN_DIRECT_OBJC_ISA_USAGE = YES_ERROR;
				CLANG_WARN_DOCUMENTATION_COMMENTS = YES;
				CLANG_WARN_EMPTY_BODY = YES;
				CLANG_WARN_ENUM_CONVERSION = YES;
				CLANG_WARN_INFINITE_RECURSION = YES;
				CLANG_WARN_INT_CONVERSION = YES;
				CLANG_WARN_OBJC_ROOT_CLASS = YES_ERROR;
				CLANG_WARN_SUSPICIOUS_MOVE = YES;
				CLANG_WARN_UNREACHABLE_CODE = YES;
				CLANG_WARN__DUPLICATE_METHOD_MATCH = YES;
				"CODE_SIGN_IDENTITY[sdk=iphoneos*]" = "iPhone Developer";
				COPY_PHASE_STRIP = NO;
				DEBUG_INFORMATION_FORMAT = "dwarf-with-dsym";
				ENABLE_NS_ASSERTIONS = NO;
				ENABLE_STRICT_OBJC_MSGSEND = YES;
				GCC_C_LANGUAGE_STANDARD = gnu99;
				GCC_NO_COMMON_BLOCKS = YES;
				GCC_WARN_64_TO_32_BIT_CONVERSION = YES;
				GCC_WARN_ABOUT_RETURN_TYPE = YES_ERROR;
				GCC_WARN_UNDECLARED_SELECTOR = YES;
				GCC_WARN_UNINITIALIZED_AUTOS = YES_AGGRESSIVE;
				GCC_WARN_UNUSED_FUNCTION = YES;
				GCC_WARN_UNUSED_VARIABLE = YES;
				IPHONEOS_DEPLOYMENT_TARGET = 10.3;
				MTL_ENABLE_DEBUG_INFO = NO;
				SDKROOT = iphoneos;
				SWIFT_OPTIMIZATION_LEVEL = "-Owholemodule";
				TARGETED_DEVICE_FAMILY = "1,2";
				VALIDATE_PRODUCT = YES;
			};
			name = Release;
		};
		8B1ABF161E70F92500531208 /* Debug */ = {
			isa = XCBuildConfiguration;
			buildSettings = {
				ASSETCATALOG_COMPILER_APPICON_NAME = AppIcon;
				INFOPLIST_FILE = TicTacToe/Info.plist;
				LD_RUNPATH_SEARCH_PATHS = "$(inherited) @executable_path/Frameworks";
				PRODUCT_BUNDLE_IDENTIFIER = com.codingdojo.TicTacToe;
				PRODUCT_NAME = "$(TARGET_NAME)";
				SWIFT_VERSION = 3.0;
			};
			name = Debug;
		};
		8B1ABF171E70F92500531208 /* Release */ = {
			isa = XCBuildConfiguration;
			buildSettings = {
				ASSETCATALOG_COMPILER_APPICON_NAME = AppIcon;
				INFOPLIST_FILE = TicTacToe/Info.plist;
				LD_RUNPATH_SEARCH_PATHS = "$(inherited) @executable_path/Frameworks";
				PRODUCT_BUNDLE_IDENTIFIER = com.codingdojo.TicTacToe;
				PRODUCT_NAME = "$(TARGET_NAME)";
				SWIFT_VERSION = 3.0;
			};
			name = Release;
		};
		8B1ABF191E70F92500531208 /* Debug */ = {
			isa = XCBuildConfiguration;
			buildSettings = {
				ALWAYS_EMBED_SWIFT_STANDARD_LIBRARIES = YES;
				BUNDLE_LOADER = "$(TEST_HOST)";
				INFOPLIST_FILE = TicTacToeTests/Info.plist;
				LD_RUNPATH_SEARCH_PATHS = "$(inherited) @executable_path/Frameworks @loader_path/Frameworks";
				PRODUCT_BUNDLE_IDENTIFIER = com.codingdojo.TicTacToeTests;
				PRODUCT_NAME = "$(TARGET_NAME)";
				SWIFT_VERSION = 3.0;
				TEST_HOST = "$(BUILT_PRODUCTS_DIR)/TicTacToe.app/TicTacToe";
			};
			name = Debug;
		};
		8B1ABF1A1E70F92500531208 /* Release */ = {
			isa = XCBuildConfiguration;
			buildSettings = {
				ALWAYS_EMBED_SWIFT_STANDARD_LIBRARIES = YES;
				BUNDLE_LOADER = "$(TEST_HOST)";
				INFOPLIST_FILE = TicTacToeTests/Info.plist;
				LD_RUNPATH_SEARCH_PATHS = "$(inherited) @executable_path/Frameworks @loader_path/Frameworks";
				PRODUCT_BUNDLE_IDENTIFIER = com.codingdojo.TicTacToeTests;
				PRODUCT_NAME = "$(TARGET_NAME)";
				SWIFT_VERSION = 3.0;
				TEST_HOST = "$(BUILT_PRODUCTS_DIR)/TicTacToe.app/TicTacToe";
			};
			name = Release;
		};
		8B1ABF1C1E70F92500531208 /* Debug */ = {
			isa = XCBuildConfiguration;
			buildSettings = {
				ALWAYS_EMBED_SWIFT_STANDARD_LIBRARIES = YES;
				INFOPLIST_FILE = TicTacToeUITests/Info.plist;
				LD_RUNPATH_SEARCH_PATHS = "$(inherited) @executable_path/Frameworks @loader_path/Frameworks";
				PRODUCT_BUNDLE_IDENTIFIER = com.codingdojo.TicTacToeUITests;
				PRODUCT_NAME = "$(TARGET_NAME)";
				SWIFT_VERSION = 3.0;
				TEST_TARGET_NAME = TicTacToe;
			};
			name = Debug;
		};
		8B1ABF1D1E70F92500531208 /* Release */ = {
			isa = XCBuildConfiguration;
			buildSettings = {
				ALWAYS_EMBED_SWIFT_STANDARD_LIBRARIES = YES;
				INFOPLIST_FILE = TicTacToeUITests/Info.plist;
				LD_RUNPATH_SEARCH_PATHS = "$(inherited) @executable_path/Frameworks @loader_path/Frameworks";
				PRODUCT_BUNDLE_IDENTIFIER = com.codingdojo.TicTacToeUITests;
				PRODUCT_NAME = "$(TARGET_NAME)";
				SWIFT_VERSION = 3.0;
				TEST_TARGET_NAME = TicTacToe;
			};
			name = Release;
		};
/* End XCBuildConfiguration section */

/* Begin XCConfigurationList section */
		8B1ABEE81E70F92500531208 /* Build configuration list for PBXProject "TicTacToe" */ = {
			isa = XCConfigurationList;
			buildConfigurations = (
				8B1ABF131E70F92500531208 /* Debug */,
				8B1ABF141E70F92500531208 /* Release */,
			);
			defaultConfigurationIsVisible = 0;
			defaultConfigurationName = Release;
		};
		8B1ABF151E70F92500531208 /* Build configuration list for PBXNativeTarget "TicTacToe" */ = {
			isa = XCConfigurationList;
			buildConfigurations = (
				8B1ABF161E70F92500531208 /* Debug */,
				8B1ABF171E70F92500531208 /* Release */,
			);
			defaultConfigurationIsVisible = 0;
		};
		8B1ABF181E70F92500531208 /* Build configuration list for PBXNativeTarget "TicTacToeTests" */ = {
			isa = XCConfigurationList;
			buildConfigurations = (
				8B1ABF191E70F92500531208 /* Debug */,
				8B1ABF1A1E70F92500531208 /* Release */,
			);
			defaultConfigurationIsVisible = 0;
		};
		8B1ABF1B1E70F92500531208 /* Build configuration list for PBXNativeTarget "TicTacToeUITests" */ = {
			isa = XCConfigurationList;
			buildConfigurations = (
				8B1ABF1C1E70F92500531208 /* Debug */,
				8B1ABF1D1E70F92500531208 /* Release */,
			);
			defaultConfigurationIsVisible = 0;
		};
/* End XCConfigurationList section */
	};
	rootObject = 8B1ABEE51E70F92500531208 /* Project object */;
}
