// !$*UTF8*$!
{
	archiveVersion = 1;
	classes = {
	};
	objectVersion = 46;
	objects = {

/* Begin PBXBuildFile section */
		8B9545031E78A24A002AD642 /* AppDelegate.swift in Sources */ = {isa = PBXBuildFile; fileRef = 8B9545021E78A24A002AD642 /* AppDelegate.swift */; };
		8B9545051E78A24A002AD642 /* ViewController.swift in Sources */ = {isa = PBXBuildFile; fileRef = 8B9545041E78A24A002AD642 /* ViewController.swift */; };
		8B9545081E78A24A002AD642 /* Main.storyboard in Resources */ = {isa = PBXBuildFile; fileRef = 8B9545061E78A24A002AD642 /* Main.storyboard */; };
		8B95450A1E78A24A002AD642 /* Assets.xcassets in Resources */ = {isa = PBXBuildFile; fileRef = 8B9545091E78A24A002AD642 /* Assets.xcassets */; };
		8B95450D1E78A24A002AD642 /* LaunchScreen.storyboard in Resources */ = {isa = PBXBuildFile; fileRef = 8B95450B1E78A24A002AD642 /* LaunchScreen.storyboard */; };
		8B9545181E78A24A002AD642 /* AgingPeopleSubtitlesTests.swift in Sources */ = {isa = PBXBuildFile; fileRef = 8B9545171E78A24A002AD642 /* AgingPeopleSubtitlesTests.swift */; };
		8B9545231E78A24A002AD642 /* AgingPeopleSubtitlesUITests.swift in Sources */ = {isa = PBXBuildFile; fileRef = 8B9545221E78A24A002AD642 /* AgingPeopleSubtitlesUITests.swift */; };
/* End PBXBuildFile section */

/* Begin PBXContainerItemProxy section */
		8B9545141E78A24A002AD642 /* PBXContainerItemProxy */ = {
			isa = PBXContainerItemProxy;
			containerPortal = 8B9544F71E78A24A002AD642 /* Project object */;
			proxyType = 1;
			remoteGlobalIDString = 8B9544FE1E78A24A002AD642;
			remoteInfo = AgingPeopleSubtitles;
		};
		8B95451F1E78A24A002AD642 /* PBXContainerItemProxy */ = {
			isa = PBXContainerItemProxy;
			containerPortal = 8B9544F71E78A24A002AD642 /* Project object */;
			proxyType = 1;
			remoteGlobalIDString = 8B9544FE1E78A24A002AD642;
			remoteInfo = AgingPeopleSubtitles;
		};
/* End PBXContainerItemProxy section */

/* Begin PBXFileReference section */
		8B9544FF1E78A24A002AD642 /* AgingPeopleSubtitles.app */ = {isa = PBXFileReference; explicitFileType = wrapper.application; includeInIndex = 0; path = AgingPeopleSubtitles.app; sourceTree = BUILT_PRODUCTS_DIR; };
		8B9545021E78A24A002AD642 /* AppDelegate.swift */ = {isa = PBXFileReference; lastKnownFileType = sourcecode.swift; path = AppDelegate.swift; sourceTree = "<group>"; };
		8B9545041E78A24A002AD642 /* ViewController.swift */ = {isa = PBXFileReference; lastKnownFileType = sourcecode.swift; path = ViewController.swift; sourceTree = "<group>"; };
		8B9545071E78A24A002AD642 /* Base */ = {isa = PBXFileReference; lastKnownFileType = file.storyboard; name = Base; path = Base.lproj/Main.storyboard; sourceTree = "<group>"; };
		8B9545091E78A24A002AD642 /* Assets.xcassets */ = {isa = PBXFileReference; lastKnownFileType = folder.assetcatalog; path = Assets.xcassets; sourceTree = "<group>"; };
		8B95450C1E78A24A002AD642 /* Base */ = {isa = PBXFileReference; lastKnownFileType = file.storyboard; name = Base; path = Base.lproj/LaunchScreen.storyboard; sourceTree = "<group>"; };
		8B95450E1E78A24A002AD642 /* Info.plist */ = {isa = PBXFileReference; lastKnownFileType = text.plist.xml; path = Info.plist; sourceTree = "<group>"; };
		8B9545131E78A24A002AD642 /* AgingPeopleSubtitlesTests.xctest */ = {isa = PBXFileReference; explicitFileType = wrapper.cfbundle; includeInIndex = 0; path = AgingPeopleSubtitlesTests.xctest; sourceTree = BUILT_PRODUCTS_DIR; };
		8B9545171E78A24A002AD642 /* AgingPeopleSubtitlesTests.swift */ = {isa = PBXFileReference; lastKnownFileType = sourcecode.swift; path = AgingPeopleSubtitlesTests.swift; sourceTree = "<group>"; };
		8B9545191E78A24A002AD642 /* Info.plist */ = {isa = PBXFileReference; lastKnownFileType = text.plist.xml; path = Info.plist; sourceTree = "<group>"; };
		8B95451E1E78A24A002AD642 /* AgingPeopleSubtitlesUITests.xctest */ = {isa = PBXFileReference; explicitFileType = wrapper.cfbundle; includeInIndex = 0; path = AgingPeopleSubtitlesUITests.xctest; sourceTree = BUILT_PRODUCTS_DIR; };
		8B9545221E78A24A002AD642 /* AgingPeopleSubtitlesUITests.swift */ = {isa = PBXFileReference; lastKnownFileType = sourcecode.swift; path = AgingPeopleSubtitlesUITests.swift; sourceTree = "<group>"; };
		8B9545241E78A24A002AD642 /* Info.plist */ = {isa = PBXFileReference; lastKnownFileType = text.plist.xml; path = Info.plist; sourceTree = "<group>"; };
/* End PBXFileReference section */

/* Begin PBXFrameworksBuildPhase section */
		8B9544FC1E78A24A002AD642 /* Frameworks */ = {
			isa = PBXFrameworksBuildPhase;
			buildActionMask = 2147483647;
			files = (
			);
			runOnlyForDeploymentPostprocessing = 0;
		};
		8B9545101E78A24A002AD642 /* Frameworks */ = {
			isa = PBXFrameworksBuildPhase;
			buildActionMask = 2147483647;
			files = (
			);
			runOnlyForDeploymentPostprocessing = 0;
		};
		8B95451B1E78A24A002AD642 /* Frameworks */ = {
			isa = PBXFrameworksBuildPhase;
			buildActionMask = 2147483647;
			files = (
			);
			runOnlyForDeploymentPostprocessing = 0;
		};
/* End PBXFrameworksBuildPhase section */

/* Begin PBXGroup section */
		8B9544F61E78A24A002AD642 = {
			isa = PBXGroup;
			children = (
				8B9545011E78A24A002AD642 /* AgingPeopleSubtitles */,
				8B9545161E78A24A002AD642 /* AgingPeopleSubtitlesTests */,
				8B9545211E78A24A002AD642 /* AgingPeopleSubtitlesUITests */,
				8B9545001E78A24A002AD642 /* Products */,
			);
			sourceTree = "<group>";
		};
		8B9545001E78A24A002AD642 /* Products */ = {
			isa = PBXGroup;
			children = (
				8B9544FF1E78A24A002AD642 /* AgingPeopleSubtitles.app */,
				8B9545131E78A24A002AD642 /* AgingPeopleSubtitlesTests.xctest */,
				8B95451E1E78A24A002AD642 /* AgingPeopleSubtitlesUITests.xctest */,
			);
			name = Products;
			sourceTree = "<group>";
		};
		8B9545011E78A24A002AD642 /* AgingPeopleSubtitles */ = {
			isa = PBXGroup;
			children = (
				8B9545021E78A24A002AD642 /* AppDelegate.swift */,
				8B9545041E78A24A002AD642 /* ViewController.swift */,
				8B9545061E78A24A002AD642 /* Main.storyboard */,
				8B9545091E78A24A002AD642 /* Assets.xcassets */,
				8B95450B1E78A24A002AD642 /* LaunchScreen.storyboard */,
				8B95450E1E78A24A002AD642 /* Info.plist */,
			);
			path = AgingPeopleSubtitles;
			sourceTree = "<group>";
		};
		8B9545161E78A24A002AD642 /* AgingPeopleSubtitlesTests */ = {
			isa = PBXGroup;
			children = (
				8B9545171E78A24A002AD642 /* AgingPeopleSubtitlesTests.swift */,
				8B9545191E78A24A002AD642 /* Info.plist */,
			);
			path = AgingPeopleSubtitlesTests;
			sourceTree = "<group>";
		};
		8B9545211E78A24A002AD642 /* AgingPeopleSubtitlesUITests */ = {
			isa = PBXGroup;
			children = (
				8B9545221E78A24A002AD642 /* AgingPeopleSubtitlesUITests.swift */,
				8B9545241E78A24A002AD642 /* Info.plist */,
			);
			path = AgingPeopleSubtitlesUITests;
			sourceTree = "<group>";
		};
/* End PBXGroup section */

/* Begin PBXNativeTarget section */
		8B9544FE1E78A24A002AD642 /* AgingPeopleSubtitles */ = {
			isa = PBXNativeTarget;
			buildConfigurationList = 8B9545271E78A24A002AD642 /* Build configuration list for PBXNativeTarget "AgingPeopleSubtitles" */;
			buildPhases = (
				8B9544FB1E78A24A002AD642 /* Sources */,
				8B9544FC1E78A24A002AD642 /* Frameworks */,
				8B9544FD1E78A24A002AD642 /* Resources */,
			);
			buildRules = (
			);
			dependencies = (
			);
			name = AgingPeopleSubtitles;
			productName = AgingPeopleSubtitles;
			productReference = 8B9544FF1E78A24A002AD642 /* AgingPeopleSubtitles.app */;
			productType = "com.apple.product-type.application";
		};
		8B9545121E78A24A002AD642 /* AgingPeopleSubtitlesTests */ = {
			isa = PBXNativeTarget;
			buildConfigurationList = 8B95452A1E78A24A002AD642 /* Build configuration list for PBXNativeTarget "AgingPeopleSubtitlesTests" */;
			buildPhases = (
				8B95450F1E78A24A002AD642 /* Sources */,
				8B9545101E78A24A002AD642 /* Frameworks */,
				8B9545111E78A24A002AD642 /* Resources */,
			);
			buildRules = (
			);
			dependencies = (
				8B9545151E78A24A002AD642 /* PBXTargetDependency */,
			);
			name = AgingPeopleSubtitlesTests;
			productName = AgingPeopleSubtitlesTests;
			productReference = 8B9545131E78A24A002AD642 /* AgingPeopleSubtitlesTests.xctest */;
			productType = "com.apple.product-type.bundle.unit-test";
		};
		8B95451D1E78A24A002AD642 /* AgingPeopleSubtitlesUITests */ = {
			isa = PBXNativeTarget;
			buildConfigurationList = 8B95452D1E78A24A002AD642 /* Build configuration list for PBXNativeTarget "AgingPeopleSubtitlesUITests" */;
			buildPhases = (
				8B95451A1E78A24A002AD642 /* Sources */,
				8B95451B1E78A24A002AD642 /* Frameworks */,
				8B95451C1E78A24A002AD642 /* Resources */,
			);
			buildRules = (
			);
			dependencies = (
				8B9545201E78A24A002AD642 /* PBXTargetDependency */,
			);
			name = AgingPeopleSubtitlesUITests;
			productName = AgingPeopleSubtitlesUITests;
			productReference = 8B95451E1E78A24A002AD642 /* AgingPeopleSubtitlesUITests.xctest */;
			productType = "com.apple.product-type.bundle.ui-testing";
		};
/* End PBXNativeTarget section */

/* Begin PBXProject section */
		8B9544F71E78A24A002AD642 /* Project object */ = {
			isa = PBXProject;
			attributes = {
				LastSwiftUpdateCheck = 0830;
				LastUpgradeCheck = 0830;
				ORGANIZATIONNAME = frandz;
				TargetAttributes = {
					8B9544FE1E78A24A002AD642 = {
						CreatedOnToolsVersion = 8.3;
						ProvisioningStyle = Automatic;
					};
					8B9545121E78A24A002AD642 = {
						CreatedOnToolsVersion = 8.3;
						ProvisioningStyle = Automatic;
						TestTargetID = 8B9544FE1E78A24A002AD642;
					};
					8B95451D1E78A24A002AD642 = {
						CreatedOnToolsVersion = 8.3;
						ProvisioningStyle = Automatic;
						TestTargetID = 8B9544FE1E78A24A002AD642;
					};
				};
			};
			buildConfigurationList = 8B9544FA1E78A24A002AD642 /* Build configuration list for PBXProject "AgingPeopleSubtitles" */;
			compatibilityVersion = "Xcode 3.2";
			developmentRegion = English;
			hasScannedForEncodings = 0;
			knownRegions = (
				en,
				Base,
			);
			mainGroup = 8B9544F61E78A24A002AD642;
			productRefGroup = 8B9545001E78A24A002AD642 /* Products */;
			projectDirPath = "";
			projectRoot = "";
			targets = (
				8B9544FE1E78A24A002AD642 /* AgingPeopleSubtitles */,
				8B9545121E78A24A002AD642 /* AgingPeopleSubtitlesTests */,
				8B95451D1E78A24A002AD642 /* AgingPeopleSubtitlesUITests */,
			);
		};
/* End PBXProject section */

/* Begin PBXResourcesBuildPhase section */
		8B9544FD1E78A24A002AD642 /* Resources */ = {
			isa = PBXResourcesBuildPhase;
			buildActionMask = 2147483647;
			files = (
				8B95450D1E78A24A002AD642 /* LaunchScreen.storyboard in Resources */,
				8B95450A1E78A24A002AD642 /* Assets.xcassets in Resources */,
				8B9545081E78A24A002AD642 /* Main.storyboard in Resources */,
			);
			runOnlyForDeploymentPostprocessing = 0;
		};
		8B9545111E78A24A002AD642 /* Resources */ = {
			isa = PBXResourcesBuildPhase;
			buildActionMask = 2147483647;
			files = (
			);
			runOnlyForDeploymentPostprocessing = 0;
		};
		8B95451C1E78A24A002AD642 /* Resources */ = {
			isa = PBXResourcesBuildPhase;
			buildActionMask = 2147483647;
			files = (
			);
			runOnlyForDeploymentPostprocessing = 0;
		};
/* End PBXResourcesBuildPhase section */

/* Begin PBXSourcesBuildPhase section */
		8B9544FB1E78A24A002AD642 /* Sources */ = {
			isa = PBXSourcesBuildPhase;
			buildActionMask = 2147483647;
			files = (
				8B9545051E78A24A002AD642 /* ViewController.swift in Sources */,
				8B9545031E78A24A002AD642 /* AppDelegate.swift in Sources */,
			);
			runOnlyForDeploymentPostprocessing = 0;
		};
		8B95450F1E78A24A002AD642 /* Sources */ = {
			isa = PBXSourcesBuildPhase;
			buildActionMask = 2147483647;
			files = (
				8B9545181E78A24A002AD642 /* AgingPeopleSubtitlesTests.swift in Sources */,
			);
			runOnlyForDeploymentPostprocessing = 0;
		};
		8B95451A1E78A24A002AD642 /* Sources */ = {
			isa = PBXSourcesBuildPhase;
			buildActionMask = 2147483647;
			files = (
				8B9545231E78A24A002AD642 /* AgingPeopleSubtitlesUITests.swift in Sources */,
			);
			runOnlyForDeploymentPostprocessing = 0;
		};
/* End PBXSourcesBuildPhase section */

/* Begin PBXTargetDependency section */
		8B9545151E78A24A002AD642 /* PBXTargetDependency */ = {
			isa = PBXTargetDependency;
			target = 8B9544FE1E78A24A002AD642 /* AgingPeopleSubtitles */;
			targetProxy = 8B9545141E78A24A002AD642 /* PBXContainerItemProxy */;
		};
		8B9545201E78A24A002AD642 /* PBXTargetDependency */ = {
			isa = PBXTargetDependency;
			target = 8B9544FE1E78A24A002AD642 /* AgingPeopleSubtitles */;
			targetProxy = 8B95451F1E78A24A002AD642 /* PBXContainerItemProxy */;
		};
/* End PBXTargetDependency section */

/* Begin PBXVariantGroup section */
		8B9545061E78A24A002AD642 /* Main.storyboard */ = {
			isa = PBXVariantGroup;
			children = (
				8B9545071E78A24A002AD642 /* Base */,
			);
			name = Main.storyboard;
			sourceTree = "<group>";
		};
		8B95450B1E78A24A002AD642 /* LaunchScreen.storyboard */ = {
			isa = PBXVariantGroup;
			children = (
				8B95450C1E78A24A002AD642 /* Base */,
			);
			name = LaunchScreen.storyboard;
			sourceTree = "<group>";
		};
/* End PBXVariantGroup section */

/* Begin XCBuildConfiguration section */
		8B9545251E78A24A002AD642 /* Debug */ = {
			isa = XCBuildConfiguration;
			buildSettings = {
				ALWAYS_SEARCH_USER_PATHS = NO;
				CLANG_ANALYZER_NONNULL = YES;
				CLANG_ANALYZER_NUMBER_OBJECT_CONVERSION = YES_AGGRESSIVE;
				CLANG_CXX_LANGUAGE_STANDARD = "gnu++0x";
				CLANG_CXX_LIBRARY = "libc++";
				CLANG_ENABLE_MODULES = YES;
				CLANG_ENABLE_OBJC_ARC = YES;
				CLANG_WARN_BOOL_CONVERSION = YES;
				CLANG_WARN_CONSTANT_CONVERSION = YES;
				CLANG_WARN_DIRECT_OBJC_ISA_USAGE = YES_ERROR;
				CLANG_WARN_DOCUMENTATION_COMMENTS = YES;
				CLANG_WARN_EMPTY_BODY = YES;
				CLANG_WARN_ENUM_CONVERSION = YES;
				CLANG_WARN_INFINITE_RECURSION = YES;
				CLANG_WARN_INT_CONVERSION = YES;
				CLANG_WARN_OBJC_ROOT_CLASS = YES_ERROR;
				CLANG_WARN_SUSPICIOUS_MOVE = YES;
				CLANG_WARN_UNREACHABLE_CODE = YES;
				CLANG_WARN__DUPLICATE_METHOD_MATCH = YES;
				"CODE_SIGN_IDENTITY[sdk=iphoneos*]" = "iPhone Developer";
				COPY_PHASE_STRIP = NO;
				DEBUG_INFORMATION_FORMAT = dwarf;
				ENABLE_STRICT_OBJC_MSGSEND = YES;
				ENABLE_TESTABILITY = YES;
				GCC_C_LANGUAGE_STANDARD = gnu99;
				GCC_DYNAMIC_NO_PIC = NO;
				GCC_NO_COMMON_BLOCKS = YES;
				GCC_OPTIMIZATION_LEVEL = 0;
				GCC_PREPROCESSOR_DEFINITIONS = (
					"DEBUG=1",
					"$(inherited)",
				);
				GCC_WARN_64_TO_32_BIT_CONVERSION = YES;
				GCC_WARN_ABOUT_RETURN_TYPE = YES_ERROR;
				GCC_WARN_UNDECLARED_SELECTOR = YES;
				GCC_WARN_UNINITIALIZED_AUTOS = YES_AGGRESSIVE;
				GCC_WARN_UNUSED_FUNCTION = YES;
				GCC_WARN_UNUSED_VARIABLE = YES;
				IPHONEOS_DEPLOYMENT_TARGET = 10.3;
				MTL_ENABLE_DEBUG_INFO = YES;
				ONLY_ACTIVE_ARCH = YES;
				SDKROOT = iphoneos;
				SWIFT_ACTIVE_COMPILATION_CONDITIONS = DEBUG;
				SWIFT_OPTIMIZATION_LEVEL = "-Onone";
				TARGETED_DEVICE_FAMILY = "1,2";
			};
			name = Debug;
		};
		8B9545261E78A24A002AD642 /* Release */ = {
			isa = XCBuildConfiguration;
			buildSettings = {
				ALWAYS_SEARCH_USER_PATHS = NO;
				CLANG_ANALYZER_NONNULL = YES;
				CLANG_ANALYZER_NUMBER_OBJECT_CONVERSION = YES_AGGRESSIVE;
				CLANG_CXX_LANGUAGE_STANDARD = "gnu++0x";
				CLANG_CXX_LIBRARY = "libc++";
				CLANG_ENABLE_MODULES = YES;
				CLANG_ENABLE_OBJC_ARC = YES;
				CLANG_WARN_BOOL_CONVERSION = YES;
				CLANG_WARN_CONSTANT_CONVERSION = YES;
				CLANG_WARN_DIRECT_OBJC_ISA_USAGE = YES_ERROR;
				CLANG_WARN_DOCUMENTATION_COMMENTS = YES;
				CLANG_WARN_EMPTY_BODY = YES;
				CLANG_WARN_ENUM_CONVERSION = YES;
				CLANG_WARN_INFINITE_RECURSION = YES;
				CLANG_WARN_INT_CONVERSION = YES;
				CLANG_WARN_OBJC_ROOT_CLASS = YES_ERROR;
				CLANG_WARN_SUSPICIOUS_MOVE = YES;
				CLANG_WARN_UNREACHABLE_CODE = YES;
				CLANG_WARN__DUPLICATE_METHOD_MATCH = YES;
				"CODE_SIGN_IDENTITY[sdk=iphoneos*]" = "iPhone Developer";
				COPY_PHASE_STRIP = NO;
				DEBUG_INFORMATION_FORMAT = "dwarf-with-dsym";
				ENABLE_NS_ASSERTIONS = NO;
				ENABLE_STRICT_OBJC_MSGSEND = YES;
				GCC_C_LANGUAGE_STANDARD = gnu99;
				GCC_NO_COMMON_BLOCKS = YES;
				GCC_WARN_64_TO_32_BIT_CONVERSION = YES;
				GCC_WARN_ABOUT_RETURN_TYPE = YES_ERROR;
				GCC_WARN_UNDECLARED_SELECTOR = YES;
				GCC_WARN_UNINITIALIZED_AUTOS = YES_AGGRESSIVE;
				GCC_WARN_UNUSED_FUNCTION = YES;
				GCC_WARN_UNUSED_VARIABLE = YES;
				IPHONEOS_DEPLOYMENT_TARGET = 10.3;
				MTL_ENABLE_DEBUG_INFO = NO;
				SDKROOT = iphoneos;
				SWIFT_OPTIMIZATION_LEVEL = "-Owholemodule";
				TARGETED_DEVICE_FAMILY = "1,2";
				VALIDATE_PRODUCT = YES;
			};
			name = Release;
		};
		8B9545281E78A24A002AD642 /* Debug */ = {
			isa = XCBuildConfiguration;
			buildSettings = {
				ASSETCATALOG_COMPILER_APPICON_NAME = AppIcon;
				INFOPLIST_FILE = AgingPeopleSubtitles/Info.plist;
				LD_RUNPATH_SEARCH_PATHS = "$(inherited) @executable_path/Frameworks";
				PRODUCT_BUNDLE_IDENTIFIER = com.codingdojo.AgingPeopleSubtitles;
				PRODUCT_NAME = "$(TARGET_NAME)";
				SWIFT_VERSION = 3.0;
			};
			name = Debug;
		};
		8B9545291E78A24A002AD642 /* Release */ = {
			isa = XCBuildConfiguration;
			buildSettings = {
				ASSETCATALOG_COMPILER_APPICON_NAME = AppIcon;
				INFOPLIST_FILE = AgingPeopleSubtitles/Info.plist;
				LD_RUNPATH_SEARCH_PATHS = "$(inherited) @executable_path/Frameworks";
				PRODUCT_BUNDLE_IDENTIFIER = com.codingdojo.AgingPeopleSubtitles;
				PRODUCT_NAME = "$(TARGET_NAME)";
				SWIFT_VERSION = 3.0;
			};
			name = Release;
		};
		8B95452B1E78A24A002AD642 /* Debug */ = {
			isa = XCBuildConfiguration;
			buildSettings = {
				ALWAYS_EMBED_SWIFT_STANDARD_LIBRARIES = YES;
				BUNDLE_LOADER = "$(TEST_HOST)";
				INFOPLIST_FILE = AgingPeopleSubtitlesTests/Info.plist;
				LD_RUNPATH_SEARCH_PATHS = "$(inherited) @executable_path/Frameworks @loader_path/Frameworks";
				PRODUCT_BUNDLE_IDENTIFIER = com.codingdojo.AgingPeopleSubtitlesTests;
				PRODUCT_NAME = "$(TARGET_NAME)";
				SWIFT_VERSION = 3.0;
				TEST_HOST = "$(BUILT_PRODUCTS_DIR)/AgingPeopleSubtitles.app/AgingPeopleSubtitles";
			};
			name = Debug;
		};
		8B95452C1E78A24A002AD642 /* Release */ = {
			isa = XCBuildConfiguration;
			buildSettings = {
				ALWAYS_EMBED_SWIFT_STANDARD_LIBRARIES = YES;
				BUNDLE_LOADER = "$(TEST_HOST)";
				INFOPLIST_FILE = AgingPeopleSubtitlesTests/Info.plist;
				LD_RUNPATH_SEARCH_PATHS = "$(inherited) @executable_path/Frameworks @loader_path/Frameworks";
				PRODUCT_BUNDLE_IDENTIFIER = com.codingdojo.AgingPeopleSubtitlesTests;
				PRODUCT_NAME = "$(TARGET_NAME)";
				SWIFT_VERSION = 3.0;
				TEST_HOST = "$(BUILT_PRODUCTS_DIR)/AgingPeopleSubtitles.app/AgingPeopleSubtitles";
			};
			name = Release;
		};
		8B95452E1E78A24A002AD642 /* Debug */ = {
			isa = XCBuildConfiguration;
			buildSettings = {
				ALWAYS_EMBED_SWIFT_STANDARD_LIBRARIES = YES;
				INFOPLIST_FILE = AgingPeopleSubtitlesUITests/Info.plist;
				LD_RUNPATH_SEARCH_PATHS = "$(inherited) @executable_path/Frameworks @loader_path/Frameworks";
				PRODUCT_BUNDLE_IDENTIFIER = com.codingdojo.AgingPeopleSubtitlesUITests;
				PRODUCT_NAME = "$(TARGET_NAME)";
				SWIFT_VERSION = 3.0;
				TEST_TARGET_NAME = AgingPeopleSubtitles;
			};
			name = Debug;
		};
		8B95452F1E78A24A002AD642 /* Release */ = {
			isa = XCBuildConfiguration;
			buildSettings = {
				ALWAYS_EMBED_SWIFT_STANDARD_LIBRARIES = YES;
				INFOPLIST_FILE = AgingPeopleSubtitlesUITests/Info.plist;
				LD_RUNPATH_SEARCH_PATHS = "$(inherited) @executable_path/Frameworks @loader_path/Frameworks";
				PRODUCT_BUNDLE_IDENTIFIER = com.codingdojo.AgingPeopleSubtitlesUITests;
				PRODUCT_NAME = "$(TARGET_NAME)";
				SWIFT_VERSION = 3.0;
				TEST_TARGET_NAME = AgingPeopleSubtitles;
			};
			name = Release;
		};
/* End XCBuildConfiguration section */

/* Begin XCConfigurationList section */
		8B9544FA1E78A24A002AD642 /* Build configuration list for PBXProject "AgingPeopleSubtitles" */ = {
			isa = XCConfigurationList;
			buildConfigurations = (
				8B9545251E78A24A002AD642 /* Debug */,
				8B9545261E78A24A002AD642 /* Release */,
			);
			defaultConfigurationIsVisible = 0;
			defaultConfigurationName = Release;
		};
		8B9545271E78A24A002AD642 /* Build configuration list for PBXNativeTarget "AgingPeopleSubtitles" */ = {
			isa = XCConfigurationList;
			buildConfigurations = (
				8B9545281E78A24A002AD642 /* Debug */,
				8B9545291E78A24A002AD642 /* Release */,
			);
			defaultConfigurationIsVisible = 0;
		};
		8B95452A1E78A24A002AD642 /* Build configuration list for PBXNativeTarget "AgingPeopleSubtitlesTests" */ = {
			isa = XCConfigurationList;
			buildConfigurations = (
				8B95452B1E78A24A002AD642 /* Debug */,
				8B95452C1E78A24A002AD642 /* Release */,
			);
			defaultConfigurationIsVisible = 0;
		};
		8B95452D1E78A24A002AD642 /* Build configuration list for PBXNativeTarget "AgingPeopleSubtitlesUITests" */ = {
			isa = XCConfigurationList;
			buildConfigurations = (
				8B95452E1E78A24A002AD642 /* Debug */,
				8B95452F1E78A24A002AD642 /* Release */,
			);
			defaultConfigurationIsVisible = 0;
		};
/* End XCConfigurationList section */
	};
	rootObject = 8B9544F71E78A24A002AD642 /* Project object */;
}
