// !$*UTF8*$!
{
	archiveVersion = 1;
	classes = {
	};
	objectVersion = 46;
	objects = {

/* Begin PBXBuildFile section */
		8B1ABD931E6F535A00531208 /* AppDelegate.swift in Sources */ = {isa = PBXBuildFile; fileRef = 8B1ABD921E6F535A00531208 /* AppDelegate.swift */; };
		8B1ABD951E6F535A00531208 /* ViewController.swift in Sources */ = {isa = PBXBuildFile; fileRef = 8B1ABD941E6F535A00531208 /* ViewController.swift */; };
		8B1ABD981E6F535A00531208 /* Main.storyboard in Resources */ = {isa = PBXBuildFile; fileRef = 8B1ABD961E6F535A00531208 /* Main.storyboard */; };
		8B1ABD9A1E6F535A00531208 /* Assets.xcassets in Resources */ = {isa = PBXBuildFile; fileRef = 8B1ABD991E6F535A00531208 /* Assets.xcassets */; };
		8B1ABD9D1E6F535A00531208 /* LaunchScreen.storyboard in Resources */ = {isa = PBXBuildFile; fileRef = 8B1ABD9B1E6F535A00531208 /* LaunchScreen.storyboard */; };
		8B1ABDA81E6F535A00531208 /* IOSQuiz2Tests.swift in Sources */ = {isa = PBXBuildFile; fileRef = 8B1ABDA71E6F535A00531208 /* IOSQuiz2Tests.swift */; };
		8B1ABDB31E6F535A00531208 /* IOSQuiz2UITests.swift in Sources */ = {isa = PBXBuildFile; fileRef = 8B1ABDB21E6F535A00531208 /* IOSQuiz2UITests.swift */; };
/* End PBXBuildFile section */

/* Begin PBXContainerItemProxy section */
		8B1ABDA41E6F535A00531208 /* PBXContainerItemProxy */ = {
			isa = PBXContainerItemProxy;
			containerPortal = 8B1ABD871E6F535A00531208 /* Project object */;
			proxyType = 1;
			remoteGlobalIDString = 8B1ABD8E1E6F535A00531208;
			remoteInfo = IOSQuiz2;
		};
		8B1ABDAF1E6F535A00531208 /* PBXContainerItemProxy */ = {
			isa = PBXContainerItemProxy;
			containerPortal = 8B1ABD871E6F535A00531208 /* Project object */;
			proxyType = 1;
			remoteGlobalIDString = 8B1ABD8E1E6F535A00531208;
			remoteInfo = IOSQuiz2;
		};
/* End PBXContainerItemProxy section */

/* Begin PBXFileReference section */
		8B1ABD8F1E6F535A00531208 /* IOSQuiz2.app */ = {isa = PBXFileReference; explicitFileType = wrapper.application; includeInIndex = 0; path = IOSQuiz2.app; sourceTree = BUILT_PRODUCTS_DIR; };
		8B1ABD921E6F535A00531208 /* AppDelegate.swift */ = {isa = PBXFileReference; lastKnownFileType = sourcecode.swift; path = AppDelegate.swift; sourceTree = "<group>"; };
		8B1ABD941E6F535A00531208 /* ViewController.swift */ = {isa = PBXFileReference; lastKnownFileType = sourcecode.swift; path = ViewController.swift; sourceTree = "<group>"; };
		8B1ABD971E6F535A00531208 /* Base */ = {isa = PBXFileReference; lastKnownFileType = file.storyboard; name = Base; path = Base.lproj/Main.storyboard; sourceTree = "<group>"; };
		8B1ABD991E6F535A00531208 /* Assets.xcassets */ = {isa = PBXFileReference; lastKnownFileType = folder.assetcatalog; path = Assets.xcassets; sourceTree = "<group>"; };
		8B1ABD9C1E6F535A00531208 /* Base */ = {isa = PBXFileReference; lastKnownFileType = file.storyboard; name = Base; path = Base.lproj/LaunchScreen.storyboard; sourceTree = "<group>"; };
		8B1ABD9E1E6F535A00531208 /* Info.plist */ = {isa = PBXFileReference; lastKnownFileType = text.plist.xml; path = Info.plist; sourceTree = "<group>"; };
		8B1ABDA31E6F535A00531208 /* IOSQuiz2Tests.xctest */ = {isa = PBXFileReference; explicitFileType = wrapper.cfbundle; includeInIndex = 0; path = IOSQuiz2Tests.xctest; sourceTree = BUILT_PRODUCTS_DIR; };
		8B1ABDA71E6F535A00531208 /* IOSQuiz2Tests.swift */ = {isa = PBXFileReference; lastKnownFileType = sourcecode.swift; path = IOSQuiz2Tests.swift; sourceTree = "<group>"; };
		8B1ABDA91E6F535A00531208 /* Info.plist */ = {isa = PBXFileReference; lastKnownFileType = text.plist.xml; path = Info.plist; sourceTree = "<group>"; };
		8B1ABDAE1E6F535A00531208 /* IOSQuiz2UITests.xctest */ = {isa = PBXFileReference; explicitFileType = wrapper.cfbundle; includeInIndex = 0; path = IOSQuiz2UITests.xctest; sourceTree = BUILT_PRODUCTS_DIR; };
		8B1ABDB21E6F535A00531208 /* IOSQuiz2UITests.swift */ = {isa = PBXFileReference; lastKnownFileType = sourcecode.swift; path = IOSQuiz2UITests.swift; sourceTree = "<group>"; };
		8B1ABDB41E6F535A00531208 /* Info.plist */ = {isa = PBXFileReference; lastKnownFileType = text.plist.xml; path = Info.plist; sourceTree = "<group>"; };
/* End PBXFileReference section */

/* Begin PBXFrameworksBuildPhase section */
		8B1ABD8C1E6F535A00531208 /* Frameworks */ = {
			isa = PBXFrameworksBuildPhase;
			buildActionMask = 2147483647;
			files = (
			);
			runOnlyForDeploymentPostprocessing = 0;
		};
		8B1ABDA01E6F535A00531208 /* Frameworks */ = {
			isa = PBXFrameworksBuildPhase;
			buildActionMask = 2147483647;
			files = (
			);
			runOnlyForDeploymentPostprocessing = 0;
		};
		8B1ABDAB1E6F535A00531208 /* Frameworks */ = {
			isa = PBXFrameworksBuildPhase;
			buildActionMask = 2147483647;
			files = (
			);
			runOnlyForDeploymentPostprocessing = 0;
		};
/* End PBXFrameworksBuildPhase section */

/* Begin PBXGroup section */
		8B1ABD861E6F535A00531208 = {
			isa = PBXGroup;
			children = (
				8B1ABD911E6F535A00531208 /* IOSQuiz2 */,
				8B1ABDA61E6F535A00531208 /* IOSQuiz2Tests */,
				8B1ABDB11E6F535A00531208 /* IOSQuiz2UITests */,
				8B1ABD901E6F535A00531208 /* Products */,
			);
			sourceTree = "<group>";
		};
		8B1ABD901E6F535A00531208 /* Products */ = {
			isa = PBXGroup;
			children = (
				8B1ABD8F1E6F535A00531208 /* IOSQuiz2.app */,
				8B1ABDA31E6F535A00531208 /* IOSQuiz2Tests.xctest */,
				8B1ABDAE1E6F535A00531208 /* IOSQuiz2UITests.xctest */,
			);
			name = Products;
			sourceTree = "<group>";
		};
		8B1ABD911E6F535A00531208 /* IOSQuiz2 */ = {
			isa = PBXGroup;
			children = (
				8B1ABD921E6F535A00531208 /* AppDelegate.swift */,
				8B1ABD941E6F535A00531208 /* ViewController.swift */,
				8B1ABD961E6F535A00531208 /* Main.storyboard */,
				8B1ABD991E6F535A00531208 /* Assets.xcassets */,
				8B1ABD9B1E6F535A00531208 /* LaunchScreen.storyboard */,
				8B1ABD9E1E6F535A00531208 /* Info.plist */,
			);
			path = IOSQuiz2;
			sourceTree = "<group>";
		};
		8B1ABDA61E6F535A00531208 /* IOSQuiz2Tests */ = {
			isa = PBXGroup;
			children = (
				8B1ABDA71E6F535A00531208 /* IOSQuiz2Tests.swift */,
				8B1ABDA91E6F535A00531208 /* Info.plist */,
			);
			path = IOSQuiz2Tests;
			sourceTree = "<group>";
		};
		8B1ABDB11E6F535A00531208 /* IOSQuiz2UITests */ = {
			isa = PBXGroup;
			children = (
				8B1ABDB21E6F535A00531208 /* IOSQuiz2UITests.swift */,
				8B1ABDB41E6F535A00531208 /* Info.plist */,
			);
			path = IOSQuiz2UITests;
			sourceTree = "<group>";
		};
/* End PBXGroup section */

/* Begin PBXNativeTarget section */
		8B1ABD8E1E6F535A00531208 /* IOSQuiz2 */ = {
			isa = PBXNativeTarget;
			buildConfigurationList = 8B1ABDB71E6F535A00531208 /* Build configuration list for PBXNativeTarget "IOSQuiz2" */;
			buildPhases = (
				8B1ABD8B1E6F535A00531208 /* Sources */,
				8B1ABD8C1E6F535A00531208 /* Frameworks */,
				8B1ABD8D1E6F535A00531208 /* Resources */,
			);
			buildRules = (
			);
			dependencies = (
			);
			name = IOSQuiz2;
			productName = IOSQuiz2;
			productReference = 8B1ABD8F1E6F535A00531208 /* IOSQuiz2.app */;
			productType = "com.apple.product-type.application";
		};
		8B1ABDA21E6F535A00531208 /* IOSQuiz2Tests */ = {
			isa = PBXNativeTarget;
			buildConfigurationList = 8B1ABDBA1E6F535A00531208 /* Build configuration list for PBXNativeTarget "IOSQuiz2Tests" */;
			buildPhases = (
				8B1ABD9F1E6F535A00531208 /* Sources */,
				8B1ABDA01E6F535A00531208 /* Frameworks */,
				8B1ABDA11E6F535A00531208 /* Resources */,
			);
			buildRules = (
			);
			dependencies = (
				8B1ABDA51E6F535A00531208 /* PBXTargetDependency */,
			);
			name = IOSQuiz2Tests;
			productName = IOSQuiz2Tests;
			productReference = 8B1ABDA31E6F535A00531208 /* IOSQuiz2Tests.xctest */;
			productType = "com.apple.product-type.bundle.unit-test";
		};
		8B1ABDAD1E6F535A00531208 /* IOSQuiz2UITests */ = {
			isa = PBXNativeTarget;
			buildConfigurationList = 8B1ABDBD1E6F535A00531208 /* Build configuration list for PBXNativeTarget "IOSQuiz2UITests" */;
			buildPhases = (
				8B1ABDAA1E6F535A00531208 /* Sources */,
				8B1ABDAB1E6F535A00531208 /* Frameworks */,
				8B1ABDAC1E6F535A00531208 /* Resources */,
			);
			buildRules = (
			);
			dependencies = (
				8B1ABDB01E6F535A00531208 /* PBXTargetDependency */,
			);
			name = IOSQuiz2UITests;
			productName = IOSQuiz2UITests;
			productReference = 8B1ABDAE1E6F535A00531208 /* IOSQuiz2UITests.xctest */;
			productType = "com.apple.product-type.bundle.ui-testing";
		};
/* End PBXNativeTarget section */

/* Begin PBXProject section */
		8B1ABD871E6F535A00531208 /* Project object */ = {
			isa = PBXProject;
			attributes = {
				LastSwiftUpdateCheck = 0830;
				LastUpgradeCheck = 0830;
				ORGANIZATIONNAME = "Carolyn Yen";
				TargetAttributes = {
					8B1ABD8E1E6F535A00531208 = {
						CreatedOnToolsVersion = 8.3;
						ProvisioningStyle = Automatic;
					};
					8B1ABDA21E6F535A00531208 = {
						CreatedOnToolsVersion = 8.3;
						ProvisioningStyle = Automatic;
						TestTargetID = 8B1ABD8E1E6F535A00531208;
					};
					8B1ABDAD1E6F535A00531208 = {
						CreatedOnToolsVersion = 8.3;
						ProvisioningStyle = Automatic;
						TestTargetID = 8B1ABD8E1E6F535A00531208;
					};
				};
			};
			buildConfigurationList = 8B1ABD8A1E6F535A00531208 /* Build configuration list for PBXProject "IOSQuiz2" */;
			compatibilityVersion = "Xcode 3.2";
			developmentRegion = English;
			hasScannedForEncodings = 0;
			knownRegions = (
				en,
				Base,
			);
			mainGroup = 8B1ABD861E6F535A00531208;
			productRefGroup = 8B1ABD901E6F535A00531208 /* Products */;
			projectDirPath = "";
			projectRoot = "";
			targets = (
				8B1ABD8E1E6F535A00531208 /* IOSQuiz2 */,
				8B1ABDA21E6F535A00531208 /* IOSQuiz2Tests */,
				8B1ABDAD1E6F535A00531208 /* IOSQuiz2UITests */,
			);
		};
/* End PBXProject section */

/* Begin PBXResourcesBuildPhase section */
		8B1ABD8D1E6F535A00531208 /* Resources */ = {
			isa = PBXResourcesBuildPhase;
			buildActionMask = 2147483647;
			files = (
				8B1ABD9D1E6F535A00531208 /* LaunchScreen.storyboard in Resources */,
				8B1ABD9A1E6F535A00531208 /* Assets.xcassets in Resources */,
				8B1ABD981E6F535A00531208 /* Main.storyboard in Resources */,
			);
			runOnlyForDeploymentPostprocessing = 0;
		};
		8B1ABDA11E6F535A00531208 /* Resources */ = {
			isa = PBXResourcesBuildPhase;
			buildActionMask = 2147483647;
			files = (
			);
			runOnlyForDeploymentPostprocessing = 0;
		};
		8B1ABDAC1E6F535A00531208 /* Resources */ = {
			isa = PBXResourcesBuildPhase;
			buildActionMask = 2147483647;
			files = (
			);
			runOnlyForDeploymentPostprocessing = 0;
		};
/* End PBXResourcesBuildPhase section */

/* Begin PBXSourcesBuildPhase section */
		8B1ABD8B1E6F535A00531208 /* Sources */ = {
			isa = PBXSourcesBuildPhase;
			buildActionMask = 2147483647;
			files = (
				8B1ABD951E6F535A00531208 /* ViewController.swift in Sources */,
				8B1ABD931E6F535A00531208 /* AppDelegate.swift in Sources */,
			);
			runOnlyForDeploymentPostprocessing = 0;
		};
		8B1ABD9F1E6F535A00531208 /* Sources */ = {
			isa = PBXSourcesBuildPhase;
			buildActionMask = 2147483647;
			files = (
				8B1ABDA81E6F535A00531208 /* IOSQuiz2Tests.swift in Sources */,
			);
			runOnlyForDeploymentPostprocessing = 0;
		};
		8B1ABDAA1E6F535A00531208 /* Sources */ = {
			isa = PBXSourcesBuildPhase;
			buildActionMask = 2147483647;
			files = (
				8B1ABDB31E6F535A00531208 /* IOSQuiz2UITests.swift in Sources */,
			);
			runOnlyForDeploymentPostprocessing = 0;
		};
/* End PBXSourcesBuildPhase section */

/* Begin PBXTargetDependency section */
		8B1ABDA51E6F535A00531208 /* PBXTargetDependency */ = {
			isa = PBXTargetDependency;
			target = 8B1ABD8E1E6F535A00531208 /* IOSQuiz2 */;
			targetProxy = 8B1ABDA41E6F535A00531208 /* PBXContainerItemProxy */;
		};
		8B1ABDB01E6F535A00531208 /* PBXTargetDependency */ = {
			isa = PBXTargetDependency;
			target = 8B1ABD8E1E6F535A00531208 /* IOSQuiz2 */;
			targetProxy = 8B1ABDAF1E6F535A00531208 /* PBXContainerItemProxy */;
		};
/* End PBXTargetDependency section */

/* Begin PBXVariantGroup section */
		8B1ABD961E6F535A00531208 /* Main.storyboard */ = {
			isa = PBXVariantGroup;
			children = (
				8B1ABD971E6F535A00531208 /* Base */,
			);
			name = Main.storyboard;
			sourceTree = "<group>";
		};
		8B1ABD9B1E6F535A00531208 /* LaunchScreen.storyboard */ = {
			isa = PBXVariantGroup;
			children = (
				8B1ABD9C1E6F535A00531208 /* Base */,
			);
			name = LaunchScreen.storyboard;
			sourceTree = "<group>";
		};
/* End PBXVariantGroup section */

/* Begin XCBuildConfiguration section */
		8B1ABDB51E6F535A00531208 /* Debug */ = {
			isa = XCBuildConfiguration;
			buildSettings = {
				ALWAYS_SEARCH_USER_PATHS = NO;
				CLANG_ANALYZER_NONNULL = YES;
				CLANG_ANALYZER_NUMBER_OBJECT_CONVERSION = YES_AGGRESSIVE;
				CLANG_CXX_LANGUAGE_STANDARD = "gnu++0x";
				CLANG_CXX_LIBRARY = "libc++";
				CLANG_ENABLE_MODULES = YES;
				CLANG_ENABLE_OBJC_ARC = YES;
				CLANG_WARN_BOOL_CONVERSION = YES;
				CLANG_WARN_CONSTANT_CONVERSION = YES;
				CLANG_WARN_DIRECT_OBJC_ISA_USAGE = YES_ERROR;
				CLANG_WARN_DOCUMENTATION_COMMENTS = YES;
				CLANG_WARN_EMPTY_BODY = YES;
				CLANG_WARN_ENUM_CONVERSION = YES;
				CLANG_WARN_INFINITE_RECURSION = YES;
				CLANG_WARN_INT_CONVERSION = YES;
				CLANG_WARN_OBJC_ROOT_CLASS = YES_ERROR;
				CLANG_WARN_SUSPICIOUS_MOVE = YES;
				CLANG_WARN_UNREACHABLE_CODE = YES;
				CLANG_WARN__DUPLICATE_METHOD_MATCH = YES;
				"CODE_SIGN_IDENTITY[sdk=iphoneos*]" = "iPhone Developer";
				COPY_PHASE_STRIP = NO;
				DEBUG_INFORMATION_FORMAT = dwarf;
				ENABLE_STRICT_OBJC_MSGSEND = YES;
				ENABLE_TESTABILITY = YES;
				GCC_C_LANGUAGE_STANDARD = gnu99;
				GCC_DYNAMIC_NO_PIC = NO;
				GCC_NO_COMMON_BLOCKS = YES;
				GCC_OPTIMIZATION_LEVEL = 0;
				GCC_PREPROCESSOR_DEFINITIONS = (
					"DEBUG=1",
					"$(inherited)",
				);
				GCC_WARN_64_TO_32_BIT_CONVERSION = YES;
				GCC_WARN_ABOUT_RETURN_TYPE = YES_ERROR;
				GCC_WARN_UNDECLARED_SELECTOR = YES;
				GCC_WARN_UNINITIALIZED_AUTOS = YES_AGGRESSIVE;
				GCC_WARN_UNUSED_FUNCTION = YES;
				GCC_WARN_UNUSED_VARIABLE = YES;
				IPHONEOS_DEPLOYMENT_TARGET = 10.3;
				MTL_ENABLE_DEBUG_INFO = YES;
				ONLY_ACTIVE_ARCH = YES;
				SDKROOT = iphoneos;
				SWIFT_ACTIVE_COMPILATION_CONDITIONS = DEBUG;
				SWIFT_OPTIMIZATION_LEVEL = "-Onone";
				TARGETED_DEVICE_FAMILY = "1,2";
			};
			name = Debug;
		};
		8B1ABDB61E6F535A00531208 /* Release */ = {
			isa = XCBuildConfiguration;
			buildSettings = {
				ALWAYS_SEARCH_USER_PATHS = NO;
				CLANG_ANALYZER_NONNULL = YES;
				CLANG_ANALYZER_NUMBER_OBJECT_CONVERSION = YES_AGGRESSIVE;
				CLANG_CXX_LANGUAGE_STANDARD = "gnu++0x";
				CLANG_CXX_LIBRARY = "libc++";
				CLANG_ENABLE_MODULES = YES;
				CLANG_ENABLE_OBJC_ARC = YES;
				CLANG_WARN_BOOL_CONVERSION = YES;
				CLANG_WARN_CONSTANT_CONVERSION = YES;
				CLANG_WARN_DIRECT_OBJC_ISA_USAGE = YES_ERROR;
				CLANG_WARN_DOCUMENTATION_COMMENTS = YES;
				CLANG_WARN_EMPTY_BODY = YES;
				CLANG_WARN_ENUM_CONVERSION = YES;
				CLANG_WARN_INFINITE_RECURSION = YES;
				CLANG_WARN_INT_CONVERSION = YES;
				CLANG_WARN_OBJC_ROOT_CLASS = YES_ERROR;
				CLANG_WARN_SUSPICIOUS_MOVE = YES;
				CLANG_WARN_UNREACHABLE_CODE = YES;
				CLANG_WARN__DUPLICATE_METHOD_MATCH = YES;
				"CODE_SIGN_IDENTITY[sdk=iphoneos*]" = "iPhone Developer";
				COPY_PHASE_STRIP = NO;
				DEBUG_INFORMATION_FORMAT = "dwarf-with-dsym";
				ENABLE_NS_ASSERTIONS = NO;
				ENABLE_STRICT_OBJC_MSGSEND = YES;
				GCC_C_LANGUAGE_STANDARD = gnu99;
				GCC_NO_COMMON_BLOCKS = YES;
				GCC_WARN_64_TO_32_BIT_CONVERSION = YES;
				GCC_WARN_ABOUT_RETURN_TYPE = YES_ERROR;
				GCC_WARN_UNDECLARED_SELECTOR = YES;
				GCC_WARN_UNINITIALIZED_AUTOS = YES_AGGRESSIVE;
				GCC_WARN_UNUSED_FUNCTION = YES;
				GCC_WARN_UNUSED_VARIABLE = YES;
				IPHONEOS_DEPLOYMENT_TARGET = 10.3;
				MTL_ENABLE_DEBUG_INFO = NO;
				SDKROOT = iphoneos;
				SWIFT_OPTIMIZATION_LEVEL = "-Owholemodule";
				TARGETED_DEVICE_FAMILY = "1,2";
				VALIDATE_PRODUCT = YES;
			};
			name = Release;
		};
		8B1ABDB81E6F535A00531208 /* Debug */ = {
			isa = XCBuildConfiguration;
			buildSettings = {
				ASSETCATALOG_COMPILER_APPICON_NAME = AppIcon;
				INFOPLIST_FILE = IOSQuiz2/Info.plist;
				LD_RUNPATH_SEARCH_PATHS = "$(inherited) @executable_path/Frameworks";
				PRODUCT_BUNDLE_IDENTIFIER = com.codingdojo.IOSQuiz2;
				PRODUCT_NAME = "$(TARGET_NAME)";
				SWIFT_VERSION = 3.0;
			};
			name = Debug;
		};
		8B1ABDB91E6F535A00531208 /* Release */ = {
			isa = XCBuildConfiguration;
			buildSettings = {
				ASSETCATALOG_COMPILER_APPICON_NAME = AppIcon;
				INFOPLIST_FILE = IOSQuiz2/Info.plist;
				LD_RUNPATH_SEARCH_PATHS = "$(inherited) @executable_path/Frameworks";
				PRODUCT_BUNDLE_IDENTIFIER = com.codingdojo.IOSQuiz2;
				PRODUCT_NAME = "$(TARGET_NAME)";
				SWIFT_VERSION = 3.0;
			};
			name = Release;
		};
		8B1ABDBB1E6F535A00531208 /* Debug */ = {
			isa = XCBuildConfiguration;
			buildSettings = {
				ALWAYS_EMBED_SWIFT_STANDARD_LIBRARIES = YES;
				BUNDLE_LOADER = "$(TEST_HOST)";
				INFOPLIST_FILE = IOSQuiz2Tests/Info.plist;
				LD_RUNPATH_SEARCH_PATHS = "$(inherited) @executable_path/Frameworks @loader_path/Frameworks";
				PRODUCT_BUNDLE_IDENTIFIER = com.codingdojo.IOSQuiz2Tests;
				PRODUCT_NAME = "$(TARGET_NAME)";
				SWIFT_VERSION = 3.0;
				TEST_HOST = "$(BUILT_PRODUCTS_DIR)/IOSQuiz2.app/IOSQuiz2";
			};
			name = Debug;
		};
		8B1ABDBC1E6F535A00531208 /* Release */ = {
			isa = XCBuildConfiguration;
			buildSettings = {
				ALWAYS_EMBED_SWIFT_STANDARD_LIBRARIES = YES;
				BUNDLE_LOADER = "$(TEST_HOST)";
				INFOPLIST_FILE = IOSQuiz2Tests/Info.plist;
				LD_RUNPATH_SEARCH_PATHS = "$(inherited) @executable_path/Frameworks @loader_path/Frameworks";
				PRODUCT_BUNDLE_IDENTIFIER = com.codingdojo.IOSQuiz2Tests;
				PRODUCT_NAME = "$(TARGET_NAME)";
				SWIFT_VERSION = 3.0;
				TEST_HOST = "$(BUILT_PRODUCTS_DIR)/IOSQuiz2.app/IOSQuiz2";
			};
			name = Release;
		};
		8B1ABDBE1E6F535A00531208 /* Debug */ = {
			isa = XCBuildConfiguration;
			buildSettings = {
				ALWAYS_EMBED_SWIFT_STANDARD_LIBRARIES = YES;
				INFOPLIST_FILE = IOSQuiz2UITests/Info.plist;
				LD_RUNPATH_SEARCH_PATHS = "$(inherited) @executable_path/Frameworks @loader_path/Frameworks";
				PRODUCT_BUNDLE_IDENTIFIER = com.codingdojo.IOSQuiz2UITests;
				PRODUCT_NAME = "$(TARGET_NAME)";
				SWIFT_VERSION = 3.0;
				TEST_TARGET_NAME = IOSQuiz2;
			};
			name = Debug;
		};
		8B1ABDBF1E6F535A00531208 /* Release */ = {
			isa = XCBuildConfiguration;
			buildSettings = {
				ALWAYS_EMBED_SWIFT_STANDARD_LIBRARIES = YES;
				INFOPLIST_FILE = IOSQuiz2UITests/Info.plist;
				LD_RUNPATH_SEARCH_PATHS = "$(inherited) @executable_path/Frameworks @loader_path/Frameworks";
				PRODUCT_BUNDLE_IDENTIFIER = com.codingdojo.IOSQuiz2UITests;
				PRODUCT_NAME = "$(TARGET_NAME)";
				SWIFT_VERSION = 3.0;
				TEST_TARGET_NAME = IOSQuiz2;
			};
			name = Release;
		};
/* End XCBuildConfiguration section */

/* Begin XCConfigurationList section */
		8B1ABD8A1E6F535A00531208 /* Build configuration list for PBXProject "IOSQuiz2" */ = {
			isa = XCConfigurationList;
			buildConfigurations = (
				8B1ABDB51E6F535A00531208 /* Debug */,
				8B1ABDB61E6F535A00531208 /* Release */,
			);
			defaultConfigurationIsVisible = 0;
			defaultConfigurationName = Release;
		};
		8B1ABDB71E6F535A00531208 /* Build configuration list for PBXNativeTarget "IOSQuiz2" */ = {
			isa = XCConfigurationList;
			buildConfigurations = (
				8B1ABDB81E6F535A00531208 /* Debug */,
				8B1ABDB91E6F535A00531208 /* Release */,
			);
			defaultConfigurationIsVisible = 0;
		};
		8B1ABDBA1E6F535A00531208 /* Build configuration list for PBXNativeTarget "IOSQuiz2Tests" */ = {
			isa = XCConfigurationList;
			buildConfigurations = (
				8B1ABDBB1E6F535A00531208 /* Debug */,
				8B1ABDBC1E6F535A00531208 /* Release */,
			);
			defaultConfigurationIsVisible = 0;
		};
		8B1ABDBD1E6F535A00531208 /* Build configuration list for PBXNativeTarget "IOSQuiz2UITests" */ = {
			isa = XCConfigurationList;
			buildConfigurations = (
				8B1ABDBE1E6F535A00531208 /* Debug */,
				8B1ABDBF1E6F535A00531208 /* Release */,
			);
			defaultConfigurationIsVisible = 0;
		};
/* End XCConfigurationList section */
	};
	rootObject = 8B1ABD871E6F535A00531208 /* Project object */;
}
