// !$*UTF8*$!
{
	archiveVersion = 1;
	classes = {
	};
	objectVersion = 46;
	objects = {

/* Begin PBXBuildFile section */
		8B95453D1E78A713002AD642 /* AppDelegate.swift in Sources */ = {isa = PBXBuildFile; fileRef = 8B95453C1E78A713002AD642 /* AppDelegate.swift */; };
		8B95453F1E78A713002AD642 /* ViewController.swift in Sources */ = {isa = PBXBuildFile; fileRef = 8B95453E1E78A713002AD642 /* ViewController.swift */; };
		8B9545421E78A713002AD642 /* Main.storyboard in Resources */ = {isa = PBXBuildFile; fileRef = 8B9545401E78A713002AD642 /* Main.storyboard */; };
		8B9545441E78A714002AD642 /* Assets.xcassets in Resources */ = {isa = PBXBuildFile; fileRef = 8B9545431E78A714002AD642 /* Assets.xcassets */; };
		8B9545471E78A714002AD642 /* LaunchScreen.storyboard in Resources */ = {isa = PBXBuildFile; fileRef = 8B9545451E78A714002AD642 /* LaunchScreen.storyboard */; };
		8B9545521E78A714002AD642 /* RainbowRoadTests.swift in Sources */ = {isa = PBXBuildFile; fileRef = 8B9545511E78A714002AD642 /* RainbowRoadTests.swift */; };
		8B95455D1E78A714002AD642 /* RainbowRoadUITests.swift in Sources */ = {isa = PBXBuildFile; fileRef = 8B95455C1E78A714002AD642 /* RainbowRoadUITests.swift */; };
/* End PBXBuildFile section */

/* Begin PBXContainerItemProxy section */
		8B95454E1E78A714002AD642 /* PBXContainerItemProxy */ = {
			isa = PBXContainerItemProxy;
			containerPortal = 8B9545311E78A713002AD642 /* Project object */;
			proxyType = 1;
			remoteGlobalIDString = 8B9545381E78A713002AD642;
			remoteInfo = RainbowRoad;
		};
		8B9545591E78A714002AD642 /* PBXContainerItemProxy */ = {
			isa = PBXContainerItemProxy;
			containerPortal = 8B9545311E78A713002AD642 /* Project object */;
			proxyType = 1;
			remoteGlobalIDString = 8B9545381E78A713002AD642;
			remoteInfo = RainbowRoad;
		};
/* End PBXContainerItemProxy section */

/* Begin PBXFileReference section */
		8B9545391E78A713002AD642 /* RainbowRoad.app */ = {isa = PBXFileReference; explicitFileType = wrapper.application; includeInIndex = 0; path = RainbowRoad.app; sourceTree = BUILT_PRODUCTS_DIR; };
		8B95453C1E78A713002AD642 /* AppDelegate.swift */ = {isa = PBXFileReference; lastKnownFileType = sourcecode.swift; path = AppDelegate.swift; sourceTree = "<group>"; };
		8B95453E1E78A713002AD642 /* ViewController.swift */ = {isa = PBXFileReference; lastKnownFileType = sourcecode.swift; path = ViewController.swift; sourceTree = "<group>"; };
		8B9545411E78A713002AD642 /* Base */ = {isa = PBXFileReference; lastKnownFileType = file.storyboard; name = Base; path = Base.lproj/Main.storyboard; sourceTree = "<group>"; };
		8B9545431E78A714002AD642 /* Assets.xcassets */ = {isa = PBXFileReference; lastKnownFileType = folder.assetcatalog; path = Assets.xcassets; sourceTree = "<group>"; };
		8B9545461E78A714002AD642 /* Base */ = {isa = PBXFileReference; lastKnownFileType = file.storyboard; name = Base; path = Base.lproj/LaunchScreen.storyboard; sourceTree = "<group>"; };
		8B9545481E78A714002AD642 /* Info.plist */ = {isa = PBXFileReference; lastKnownFileType = text.plist.xml; path = Info.plist; sourceTree = "<group>"; };
		8B95454D1E78A714002AD642 /* RainbowRoadTests.xctest */ = {isa = PBXFileReference; explicitFileType = wrapper.cfbundle; includeInIndex = 0; path = RainbowRoadTests.xctest; sourceTree = BUILT_PRODUCTS_DIR; };
		8B9545511E78A714002AD642 /* RainbowRoadTests.swift */ = {isa = PBXFileReference; lastKnownFileType = sourcecode.swift; path = RainbowRoadTests.swift; sourceTree = "<group>"; };
		8B9545531E78A714002AD642 /* Info.plist */ = {isa = PBXFileReference; lastKnownFileType = text.plist.xml; path = Info.plist; sourceTree = "<group>"; };
		8B9545581E78A714002AD642 /* RainbowRoadUITests.xctest */ = {isa = PBXFileReference; explicitFileType = wrapper.cfbundle; includeInIndex = 0; path = RainbowRoadUITests.xctest; sourceTree = BUILT_PRODUCTS_DIR; };
		8B95455C1E78A714002AD642 /* RainbowRoadUITests.swift */ = {isa = PBXFileReference; lastKnownFileType = sourcecode.swift; path = RainbowRoadUITests.swift; sourceTree = "<group>"; };
		8B95455E1E78A714002AD642 /* Info.plist */ = {isa = PBXFileReference; lastKnownFileType = text.plist.xml; path = Info.plist; sourceTree = "<group>"; };
/* End PBXFileReference section */

/* Begin PBXFrameworksBuildPhase section */
		8B9545361E78A713002AD642 /* Frameworks */ = {
			isa = PBXFrameworksBuildPhase;
			buildActionMask = 2147483647;
			files = (
			);
			runOnlyForDeploymentPostprocessing = 0;
		};
		8B95454A1E78A714002AD642 /* Frameworks */ = {
			isa = PBXFrameworksBuildPhase;
			buildActionMask = 2147483647;
			files = (
			);
			runOnlyForDeploymentPostprocessing = 0;
		};
		8B9545551E78A714002AD642 /* Frameworks */ = {
			isa = PBXFrameworksBuildPhase;
			buildActionMask = 2147483647;
			files = (
			);
			runOnlyForDeploymentPostprocessing = 0;
		};
/* End PBXFrameworksBuildPhase section */

/* Begin PBXGroup section */
		8B9545301E78A713002AD642 = {
			isa = PBXGroup;
			children = (
				8B95453B1E78A713002AD642 /* RainbowRoad */,
				8B9545501E78A714002AD642 /* RainbowRoadTests */,
				8B95455B1E78A714002AD642 /* RainbowRoadUITests */,
				8B95453A1E78A713002AD642 /* Products */,
			);
			sourceTree = "<group>";
		};
		8B95453A1E78A713002AD642 /* Products */ = {
			isa = PBXGroup;
			children = (
				8B9545391E78A713002AD642 /* RainbowRoad.app */,
				8B95454D1E78A714002AD642 /* RainbowRoadTests.xctest */,
				8B9545581E78A714002AD642 /* RainbowRoadUITests.xctest */,
			);
			name = Products;
			sourceTree = "<group>";
		};
		8B95453B1E78A713002AD642 /* RainbowRoad */ = {
			isa = PBXGroup;
			children = (
				8B95453C1E78A713002AD642 /* AppDelegate.swift */,
				8B95453E1E78A713002AD642 /* ViewController.swift */,
				8B9545401E78A713002AD642 /* Main.storyboard */,
				8B9545431E78A714002AD642 /* Assets.xcassets */,
				8B9545451E78A714002AD642 /* LaunchScreen.storyboard */,
				8B9545481E78A714002AD642 /* Info.plist */,
			);
			path = RainbowRoad;
			sourceTree = "<group>";
		};
		8B9545501E78A714002AD642 /* RainbowRoadTests */ = {
			isa = PBXGroup;
			children = (
				8B9545511E78A714002AD642 /* RainbowRoadTests.swift */,
				8B9545531E78A714002AD642 /* Info.plist */,
			);
			path = RainbowRoadTests;
			sourceTree = "<group>";
		};
		8B95455B1E78A714002AD642 /* RainbowRoadUITests */ = {
			isa = PBXGroup;
			children = (
				8B95455C1E78A714002AD642 /* RainbowRoadUITests.swift */,
				8B95455E1E78A714002AD642 /* Info.plist */,
			);
			path = RainbowRoadUITests;
			sourceTree = "<group>";
		};
/* End PBXGroup section */

/* Begin PBXNativeTarget section */
		8B9545381E78A713002AD642 /* RainbowRoad */ = {
			isa = PBXNativeTarget;
			buildConfigurationList = 8B9545611E78A714002AD642 /* Build configuration list for PBXNativeTarget "RainbowRoad" */;
			buildPhases = (
				8B9545351E78A713002AD642 /* Sources */,
				8B9545361E78A713002AD642 /* Frameworks */,
				8B9545371E78A713002AD642 /* Resources */,
			);
			buildRules = (
			);
			dependencies = (
			);
			name = RainbowRoad;
			productName = RainbowRoad;
			productReference = 8B9545391E78A713002AD642 /* RainbowRoad.app */;
			productType = "com.apple.product-type.application";
		};
		8B95454C1E78A714002AD642 /* RainbowRoadTests */ = {
			isa = PBXNativeTarget;
			buildConfigurationList = 8B9545641E78A714002AD642 /* Build configuration list for PBXNativeTarget "RainbowRoadTests" */;
			buildPhases = (
				8B9545491E78A714002AD642 /* Sources */,
				8B95454A1E78A714002AD642 /* Frameworks */,
				8B95454B1E78A714002AD642 /* Resources */,
			);
			buildRules = (
			);
			dependencies = (
				8B95454F1E78A714002AD642 /* PBXTargetDependency */,
			);
			name = RainbowRoadTests;
			productName = RainbowRoadTests;
			productReference = 8B95454D1E78A714002AD642 /* RainbowRoadTests.xctest */;
			productType = "com.apple.product-type.bundle.unit-test";
		};
		8B9545571E78A714002AD642 /* RainbowRoadUITests */ = {
			isa = PBXNativeTarget;
			buildConfigurationList = 8B9545671E78A714002AD642 /* Build configuration list for PBXNativeTarget "RainbowRoadUITests" */;
			buildPhases = (
				8B9545541E78A714002AD642 /* Sources */,
				8B9545551E78A714002AD642 /* Frameworks */,
				8B9545561E78A714002AD642 /* Resources */,
			);
			buildRules = (
			);
			dependencies = (
				8B95455A1E78A714002AD642 /* PBXTargetDependency */,
			);
			name = RainbowRoadUITests;
			productName = RainbowRoadUITests;
			productReference = 8B9545581E78A714002AD642 /* RainbowRoadUITests.xctest */;
			productType = "com.apple.product-type.bundle.ui-testing";
		};
/* End PBXNativeTarget section */

/* Begin PBXProject section */
		8B9545311E78A713002AD642 /* Project object */ = {
			isa = PBXProject;
			attributes = {
				LastSwiftUpdateCheck = 0830;
				LastUpgradeCheck = 0830;
				ORGANIZATIONNAME = frandz;
				TargetAttributes = {
					8B9545381E78A713002AD642 = {
						CreatedOnToolsVersion = 8.3;
						ProvisioningStyle = Automatic;
					};
					8B95454C1E78A714002AD642 = {
						CreatedOnToolsVersion = 8.3;
						ProvisioningStyle = Automatic;
						TestTargetID = 8B9545381E78A713002AD642;
					};
					8B9545571E78A714002AD642 = {
						CreatedOnToolsVersion = 8.3;
						ProvisioningStyle = Automatic;
						TestTargetID = 8B9545381E78A713002AD642;
					};
				};
			};
			buildConfigurationList = 8B9545341E78A713002AD642 /* Build configuration list for PBXProject "RainbowRoad" */;
			compatibilityVersion = "Xcode 3.2";
			developmentRegion = English;
			hasScannedForEncodings = 0;
			knownRegions = (
				en,
				Base,
			);
			mainGroup = 8B9545301E78A713002AD642;
			productRefGroup = 8B95453A1E78A713002AD642 /* Products */;
			projectDirPath = "";
			projectRoot = "";
			targets = (
				8B9545381E78A713002AD642 /* RainbowRoad */,
				8B95454C1E78A714002AD642 /* RainbowRoadTests */,
				8B9545571E78A714002AD642 /* RainbowRoadUITests */,
			);
		};
/* End PBXProject section */

/* Begin PBXResourcesBuildPhase section */
		8B9545371E78A713002AD642 /* Resources */ = {
			isa = PBXResourcesBuildPhase;
			buildActionMask = 2147483647;
			files = (
				8B9545471E78A714002AD642 /* LaunchScreen.storyboard in Resources */,
				8B9545441E78A714002AD642 /* Assets.xcassets in Resources */,
				8B9545421E78A713002AD642 /* Main.storyboard in Resources */,
			);
			runOnlyForDeploymentPostprocessing = 0;
		};
		8B95454B1E78A714002AD642 /* Resources */ = {
			isa = PBXResourcesBuildPhase;
			buildActionMask = 2147483647;
			files = (
			);
			runOnlyForDeploymentPostprocessing = 0;
		};
		8B9545561E78A714002AD642 /* Resources */ = {
			isa = PBXResourcesBuildPhase;
			buildActionMask = 2147483647;
			files = (
			);
			runOnlyForDeploymentPostprocessing = 0;
		};
/* End PBXResourcesBuildPhase section */

/* Begin PBXSourcesBuildPhase section */
		8B9545351E78A713002AD642 /* Sources */ = {
			isa = PBXSourcesBuildPhase;
			buildActionMask = 2147483647;
			files = (
				8B95453F1E78A713002AD642 /* ViewController.swift in Sources */,
				8B95453D1E78A713002AD642 /* AppDelegate.swift in Sources */,
			);
			runOnlyForDeploymentPostprocessing = 0;
		};
		8B9545491E78A714002AD642 /* Sources */ = {
			isa = PBXSourcesBuildPhase;
			buildActionMask = 2147483647;
			files = (
				8B9545521E78A714002AD642 /* RainbowRoadTests.swift in Sources */,
			);
			runOnlyForDeploymentPostprocessing = 0;
		};
		8B9545541E78A714002AD642 /* Sources */ = {
			isa = PBXSourcesBuildPhase;
			buildActionMask = 2147483647;
			files = (
				8B95455D1E78A714002AD642 /* RainbowRoadUITests.swift in Sources */,
			);
			runOnlyForDeploymentPostprocessing = 0;
		};
/* End PBXSourcesBuildPhase section */

/* Begin PBXTargetDependency section */
		8B95454F1E78A714002AD642 /* PBXTargetDependency */ = {
			isa = PBXTargetDependency;
			target = 8B9545381E78A713002AD642 /* RainbowRoad */;
			targetProxy = 8B95454E1E78A714002AD642 /* PBXContainerItemProxy */;
		};
		8B95455A1E78A714002AD642 /* PBXTargetDependency */ = {
			isa = PBXTargetDependency;
			target = 8B9545381E78A713002AD642 /* RainbowRoad */;
			targetProxy = 8B9545591E78A714002AD642 /* PBXContainerItemProxy */;
		};
/* End PBXTargetDependency section */

/* Begin PBXVariantGroup section */
		8B9545401E78A713002AD642 /* Main.storyboard */ = {
			isa = PBXVariantGroup;
			children = (
				8B9545411E78A713002AD642 /* Base */,
			);
			name = Main.storyboard;
			sourceTree = "<group>";
		};
		8B9545451E78A714002AD642 /* LaunchScreen.storyboard */ = {
			isa = PBXVariantGroup;
			children = (
				8B9545461E78A714002AD642 /* Base */,
			);
			name = LaunchScreen.storyboard;
			sourceTree = "<group>";
		};
/* End PBXVariantGroup section */

/* Begin XCBuildConfiguration section */
		8B95455F1E78A714002AD642 /* Debug */ = {
			isa = XCBuildConfiguration;
			buildSettings = {
				ALWAYS_SEARCH_USER_PATHS = NO;
				CLANG_ANALYZER_NONNULL = YES;
				CLANG_ANALYZER_NUMBER_OBJECT_CONVERSION = YES_AGGRESSIVE;
				CLANG_CXX_LANGUAGE_STANDARD = "gnu++0x";
				CLANG_CXX_LIBRARY = "libc++";
				CLANG_ENABLE_MODULES = YES;
				CLANG_ENABLE_OBJC_ARC = YES;
				CLANG_WARN_BOOL_CONVERSION = YES;
				CLANG_WARN_CONSTANT_CONVERSION = YES;
				CLANG_WARN_DIRECT_OBJC_ISA_USAGE = YES_ERROR;
				CLANG_WARN_DOCUMENTATION_COMMENTS = YES;
				CLANG_WARN_EMPTY_BODY = YES;
				CLANG_WARN_ENUM_CONVERSION = YES;
				CLANG_WARN_INFINITE_RECURSION = YES;
				CLANG_WARN_INT_CONVERSION = YES;
				CLANG_WARN_OBJC_ROOT_CLASS = YES_ERROR;
				CLANG_WARN_SUSPICIOUS_MOVE = YES;
				CLANG_WARN_UNREACHABLE_CODE = YES;
				CLANG_WARN__DUPLICATE_METHOD_MATCH = YES;
				"CODE_SIGN_IDENTITY[sdk=iphoneos*]" = "iPhone Developer";
				COPY_PHASE_STRIP = NO;
				DEBUG_INFORMATION_FORMAT = dwarf;
				ENABLE_STRICT_OBJC_MSGSEND = YES;
				ENABLE_TESTABILITY = YES;
				GCC_C_LANGUAGE_STANDARD = gnu99;
				GCC_DYNAMIC_NO_PIC = NO;
				GCC_NO_COMMON_BLOCKS = YES;
				GCC_OPTIMIZATION_LEVEL = 0;
				GCC_PREPROCESSOR_DEFINITIONS = (
					"DEBUG=1",
					"$(inherited)",
				);
				GCC_WARN_64_TO_32_BIT_CONVERSION = YES;
				GCC_WARN_ABOUT_RETURN_TYPE = YES_ERROR;
				GCC_WARN_UNDECLARED_SELECTOR = YES;
				GCC_WARN_UNINITIALIZED_AUTOS = YES_AGGRESSIVE;
				GCC_WARN_UNUSED_FUNCTION = YES;
				GCC_WARN_UNUSED_VARIABLE = YES;
				IPHONEOS_DEPLOYMENT_TARGET = 10.3;
				MTL_ENABLE_DEBUG_INFO = YES;
				ONLY_ACTIVE_ARCH = YES;
				SDKROOT = iphoneos;
				SWIFT_ACTIVE_COMPILATION_CONDITIONS = DEBUG;
				SWIFT_OPTIMIZATION_LEVEL = "-Onone";
				TARGETED_DEVICE_FAMILY = "1,2";
			};
			name = Debug;
		};
		8B9545601E78A714002AD642 /* Release */ = {
			isa = XCBuildConfiguration;
			buildSettings = {
				ALWAYS_SEARCH_USER_PATHS = NO;
				CLANG_ANALYZER_NONNULL = YES;
				CLANG_ANALYZER_NUMBER_OBJECT_CONVERSION = YES_AGGRESSIVE;
				CLANG_CXX_LANGUAGE_STANDARD = "gnu++0x";
				CLANG_CXX_LIBRARY = "libc++";
				CLANG_ENABLE_MODULES = YES;
				CLANG_ENABLE_OBJC_ARC = YES;
				CLANG_WARN_BOOL_CONVERSION = YES;
				CLANG_WARN_CONSTANT_CONVERSION = YES;
				CLANG_WARN_DIRECT_OBJC_ISA_USAGE = YES_ERROR;
				CLANG_WARN_DOCUMENTATION_COMMENTS = YES;
				CLANG_WARN_EMPTY_BODY = YES;
				CLANG_WARN_ENUM_CONVERSION = YES;
				CLANG_WARN_INFINITE_RECURSION = YES;
				CLANG_WARN_INT_CONVERSION = YES;
				CLANG_WARN_OBJC_ROOT_CLASS = YES_ERROR;
				CLANG_WARN_SUSPICIOUS_MOVE = YES;
				CLANG_WARN_UNREACHABLE_CODE = YES;
				CLANG_WARN__DUPLICATE_METHOD_MATCH = YES;
				"CODE_SIGN_IDENTITY[sdk=iphoneos*]" = "iPhone Developer";
				COPY_PHASE_STRIP = NO;
				DEBUG_INFORMATION_FORMAT = "dwarf-with-dsym";
				ENABLE_NS_ASSERTIONS = NO;
				ENABLE_STRICT_OBJC_MSGSEND = YES;
				GCC_C_LANGUAGE_STANDARD = gnu99;
				GCC_NO_COMMON_BLOCKS = YES;
				GCC_WARN_64_TO_32_BIT_CONVERSION = YES;
				GCC_WARN_ABOUT_RETURN_TYPE = YES_ERROR;
				GCC_WARN_UNDECLARED_SELECTOR = YES;
				GCC_WARN_UNINITIALIZED_AUTOS = YES_AGGRESSIVE;
				GCC_WARN_UNUSED_FUNCTION = YES;
				GCC_WARN_UNUSED_VARIABLE = YES;
				IPHONEOS_DEPLOYMENT_TARGET = 10.3;
				MTL_ENABLE_DEBUG_INFO = NO;
				SDKROOT = iphoneos;
				SWIFT_OPTIMIZATION_LEVEL = "-Owholemodule";
				TARGETED_DEVICE_FAMILY = "1,2";
				VALIDATE_PRODUCT = YES;
			};
			name = Release;
		};
		8B9545621E78A714002AD642 /* Debug */ = {
			isa = XCBuildConfiguration;
			buildSettings = {
				ASSETCATALOG_COMPILER_APPICON_NAME = AppIcon;
				INFOPLIST_FILE = RainbowRoad/Info.plist;
				LD_RUNPATH_SEARCH_PATHS = "$(inherited) @executable_path/Frameworks";
				PRODUCT_BUNDLE_IDENTIFIER = com.codingdojo.RainbowRoad;
				PRODUCT_NAME = "$(TARGET_NAME)";
				SWIFT_VERSION = 3.0;
			};
			name = Debug;
		};
		8B9545631E78A714002AD642 /* Release */ = {
			isa = XCBuildConfiguration;
			buildSettings = {
				ASSETCATALOG_COMPILER_APPICON_NAME = AppIcon;
				INFOPLIST_FILE = RainbowRoad/Info.plist;
				LD_RUNPATH_SEARCH_PATHS = "$(inherited) @executable_path/Frameworks";
				PRODUCT_BUNDLE_IDENTIFIER = com.codingdojo.RainbowRoad;
				PRODUCT_NAME = "$(TARGET_NAME)";
				SWIFT_VERSION = 3.0;
			};
			name = Release;
		};
		8B9545651E78A714002AD642 /* Debug */ = {
			isa = XCBuildConfiguration;
			buildSettings = {
				ALWAYS_EMBED_SWIFT_STANDARD_LIBRARIES = YES;
				BUNDLE_LOADER = "$(TEST_HOST)";
				INFOPLIST_FILE = RainbowRoadTests/Info.plist;
				LD_RUNPATH_SEARCH_PATHS = "$(inherited) @executable_path/Frameworks @loader_path/Frameworks";
				PRODUCT_BUNDLE_IDENTIFIER = com.codingdojo.RainbowRoadTests;
				PRODUCT_NAME = "$(TARGET_NAME)";
				SWIFT_VERSION = 3.0;
				TEST_HOST = "$(BUILT_PRODUCTS_DIR)/RainbowRoad.app/RainbowRoad";
			};
			name = Debug;
		};
		8B9545661E78A714002AD642 /* Release */ = {
			isa = XCBuildConfiguration;
			buildSettings = {
				ALWAYS_EMBED_SWIFT_STANDARD_LIBRARIES = YES;
				BUNDLE_LOADER = "$(TEST_HOST)";
				INFOPLIST_FILE = RainbowRoadTests/Info.plist;
				LD_RUNPATH_SEARCH_PATHS = "$(inherited) @executable_path/Frameworks @loader_path/Frameworks";
				PRODUCT_BUNDLE_IDENTIFIER = com.codingdojo.RainbowRoadTests;
				PRODUCT_NAME = "$(TARGET_NAME)";
				SWIFT_VERSION = 3.0;
				TEST_HOST = "$(BUILT_PRODUCTS_DIR)/RainbowRoad.app/RainbowRoad";
			};
			name = Release;
		};
		8B9545681E78A714002AD642 /* Debug */ = {
			isa = XCBuildConfiguration;
			buildSettings = {
				ALWAYS_EMBED_SWIFT_STANDARD_LIBRARIES = YES;
				INFOPLIST_FILE = RainbowRoadUITests/Info.plist;
				LD_RUNPATH_SEARCH_PATHS = "$(inherited) @executable_path/Frameworks @loader_path/Frameworks";
				PRODUCT_BUNDLE_IDENTIFIER = com.codingdojo.RainbowRoadUITests;
				PRODUCT_NAME = "$(TARGET_NAME)";
				SWIFT_VERSION = 3.0;
				TEST_TARGET_NAME = RainbowRoad;
			};
			name = Debug;
		};
		8B9545691E78A714002AD642 /* Release */ = {
			isa = XCBuildConfiguration;
			buildSettings = {
				ALWAYS_EMBED_SWIFT_STANDARD_LIBRARIES = YES;
				INFOPLIST_FILE = RainbowRoadUITests/Info.plist;
				LD_RUNPATH_SEARCH_PATHS = "$(inherited) @executable_path/Frameworks @loader_path/Frameworks";
				PRODUCT_BUNDLE_IDENTIFIER = com.codingdojo.RainbowRoadUITests;
				PRODUCT_NAME = "$(TARGET_NAME)";
				SWIFT_VERSION = 3.0;
				TEST_TARGET_NAME = RainbowRoad;
			};
			name = Release;
		};
/* End XCBuildConfiguration section */

/* Begin XCConfigurationList section */
		8B9545341E78A713002AD642 /* Build configuration list for PBXProject "RainbowRoad" */ = {
			isa = XCConfigurationList;
			buildConfigurations = (
				8B95455F1E78A714002AD642 /* Debug */,
				8B9545601E78A714002AD642 /* Release */,
			);
			defaultConfigurationIsVisible = 0;
			defaultConfigurationName = Release;
		};
		8B9545611E78A714002AD642 /* Build configuration list for PBXNativeTarget "RainbowRoad" */ = {
			isa = XCConfigurationList;
			buildConfigurations = (
				8B9545621E78A714002AD642 /* Debug */,
				8B9545631E78A714002AD642 /* Release */,
			);
			defaultConfigurationIsVisible = 0;
		};
		8B9545641E78A714002AD642 /* Build configuration list for PBXNativeTarget "RainbowRoadTests" */ = {
			isa = XCConfigurationList;
			buildConfigurations = (
				8B9545651E78A714002AD642 /* Debug */,
				8B9545661E78A714002AD642 /* Release */,
			);
			defaultConfigurationIsVisible = 0;
		};
		8B9545671E78A714002AD642 /* Build configuration list for PBXNativeTarget "RainbowRoadUITests" */ = {
			isa = XCConfigurationList;
			buildConfigurations = (
				8B9545681E78A714002AD642 /* Debug */,
				8B9545691E78A714002AD642 /* Release */,
			);
			defaultConfigurationIsVisible = 0;
		};
/* End XCConfigurationList section */
	};
	rootObject = 8B9545311E78A713002AD642 /* Project object */;
}
